// !$*UTF8*$!
{
	archiveVersion = 1;
	classes = {
	};
	objectVersion = 51;
	objects = {

/* Begin PBXBuildFile section */
		294735088BBF85FCCCEF3DD3 /* Pods_UnHindr_UnHindrUITests.framework in Frameworks */ = {isa = PBXBuildFile; fileRef = BCB6C935B34E6D3DE2F34548 /* Pods_UnHindr_UnHindrUITests.framework */; };
		492960D887BDEC9F23A2EB03 /* Pods_UnHindr.framework in Frameworks */ = {isa = PBXBuildFile; fileRef = F377B48B523E5E1E35E686F5 /* Pods_UnHindr.framework */; };
		9D3E4E8723639ECE00B5C512 /* SignUpViewController.swift in Sources */ = {isa = PBXBuildFile; fileRef = 9D3E4E8623639ECE00B5C512 /* SignUpViewController.swift */; };
		9D3E4E892363D9AA00B5C512 /* HomeViewController.swift in Sources */ = {isa = PBXBuildFile; fileRef = 9D3E4E882363D9A900B5C512 /* HomeViewController.swift */; };
		9D49171E23666E3600D695C9 /* medicationViewController.swift in Sources */ = {isa = PBXBuildFile; fileRef = 9D49171D23666E3600D695C9 /* medicationViewController.swift */; };
		9DB7DF1C2361854200FD8AEE /* MainNavigationController.swift in Sources */ = {isa = PBXBuildFile; fileRef = 9DB7DF1B2361854200FD8AEE /* MainNavigationController.swift */; };
		9DB7DF1D2361854200FD8AEE /* MainNavigationController.swift in Sources */ = {isa = PBXBuildFile; fileRef = 9DB7DF1B2361854200FD8AEE /* MainNavigationController.swift */; };
		9DB7DF1E2361854200FD8AEE /* MainNavigationController.swift in Sources */ = {isa = PBXBuildFile; fileRef = 9DB7DF1B2361854200FD8AEE /* MainNavigationController.swift */; };
		9DB7DF20236188D200FD8AEE /* LoginViewController.swift in Sources */ = {isa = PBXBuildFile; fileRef = 9DB7DF1F236188D200FD8AEE /* LoginViewController.swift */; };
		9DB7DF21236188D200FD8AEE /* LoginViewController.swift in Sources */ = {isa = PBXBuildFile; fileRef = 9DB7DF1F236188D200FD8AEE /* LoginViewController.swift */; };
		9DB7DF22236188D200FD8AEE /* LoginViewController.swift in Sources */ = {isa = PBXBuildFile; fileRef = 9DB7DF1F236188D200FD8AEE /* LoginViewController.swift */; };
		9DDB121723558E0100FE2E13 /* AppDelegate.swift in Sources */ = {isa = PBXBuildFile; fileRef = 9DDB121623558E0100FE2E13 /* AppDelegate.swift */; };
		9DDB121923558E0100FE2E13 /* SceneDelegate.swift in Sources */ = {isa = PBXBuildFile; fileRef = 9DDB121823558E0100FE2E13 /* SceneDelegate.swift */; };
		9DDB121B23558E0100FE2E13 /* ViewController.swift in Sources */ = {isa = PBXBuildFile; fileRef = 9DDB121A23558E0100FE2E13 /* ViewController.swift */; };
		9DDB121E23558E0100FE2E13 /* Main.storyboard in Resources */ = {isa = PBXBuildFile; fileRef = 9DDB121C23558E0100FE2E13 /* Main.storyboard */; };
		9DDB122023558E0600FE2E13 /* Assets.xcassets in Resources */ = {isa = PBXBuildFile; fileRef = 9DDB121F23558E0600FE2E13 /* Assets.xcassets */; };
		9DDB122323558E0600FE2E13 /* LaunchScreen.storyboard in Resources */ = {isa = PBXBuildFile; fileRef = 9DDB122123558E0600FE2E13 /* LaunchScreen.storyboard */; };
		9DDB122E23558E0600FE2E13 /* UnHindrTests.swift in Sources */ = {isa = PBXBuildFile; fileRef = 9DDB122D23558E0600FE2E13 /* UnHindrTests.swift */; };
		9DDB123923558E0700FE2E13 /* UnHindrUITests.swift in Sources */ = {isa = PBXBuildFile; fileRef = 9DDB123823558E0700FE2E13 /* UnHindrUITests.swift */; };
		9DDB12472355903900FE2E13 /* GoogleService-Info.plist in Resources */ = {isa = PBXBuildFile; fileRef = 9DDB12462355903900FE2E13 /* GoogleService-Info.plist */; };
		9DDB12482355903900FE2E13 /* GoogleService-Info.plist in Resources */ = {isa = PBXBuildFile; fileRef = 9DDB12462355903900FE2E13 /* GoogleService-Info.plist */; };
		9DDB12492355903900FE2E13 /* GoogleService-Info.plist in Resources */ = {isa = PBXBuildFile; fileRef = 9DDB12462355903900FE2E13 /* GoogleService-Info.plist */; };
		A2BAB4B78EA53F17F5A4980D /* Pods_UnHindrTests.framework in Frameworks */ = {isa = PBXBuildFile; fileRef = FF8AF8A160563BD2B38F47A2 /* Pods_UnHindrTests.framework */; };
/* End PBXBuildFile section */

/* Begin PBXContainerItemProxy section */
		9DDB122A23558E0600FE2E13 /* PBXContainerItemProxy */ = {
			isa = PBXContainerItemProxy;
			containerPortal = 9DDB120B23558E0100FE2E13 /* Project object */;
			proxyType = 1;
			remoteGlobalIDString = 9DDB121223558E0100FE2E13;
			remoteInfo = UnHindr;
		};
		9DDB123523558E0700FE2E13 /* PBXContainerItemProxy */ = {
			isa = PBXContainerItemProxy;
			containerPortal = 9DDB120B23558E0100FE2E13 /* Project object */;
			proxyType = 1;
			remoteGlobalIDString = 9DDB121223558E0100FE2E13;
			remoteInfo = UnHindr;
		};
/* End PBXContainerItemProxy section */

/* Begin PBXFileReference section */
		19B6BB9FCC48BC0113BD9985 /* Pods-UnHindr-UnHindrUITests.debug.xcconfig */ = {isa = PBXFileReference; includeInIndex = 1; lastKnownFileType = text.xcconfig; name = "Pods-UnHindr-UnHindrUITests.debug.xcconfig"; path = "Target Support Files/Pods-UnHindr-UnHindrUITests/Pods-UnHindr-UnHindrUITests.debug.xcconfig"; sourceTree = "<group>"; };
		234CBDB7DF1D68FFEA0C9F89 /* Pods-UnHindrTests.debug.xcconfig */ = {isa = PBXFileReference; includeInIndex = 1; lastKnownFileType = text.xcconfig; name = "Pods-UnHindrTests.debug.xcconfig"; path = "Target Support Files/Pods-UnHindrTests/Pods-UnHindrTests.debug.xcconfig"; sourceTree = "<group>"; };
		451F037BC44E4EA3E4692823 /* Pods-UnHindr-UnHindrUITests.release.xcconfig */ = {isa = PBXFileReference; includeInIndex = 1; lastKnownFileType = text.xcconfig; name = "Pods-UnHindr-UnHindrUITests.release.xcconfig"; path = "Target Support Files/Pods-UnHindr-UnHindrUITests/Pods-UnHindr-UnHindrUITests.release.xcconfig"; sourceTree = "<group>"; };
		725EAD4385E587E0772C9C68 /* Pods-UnHindrTests.release.xcconfig */ = {isa = PBXFileReference; includeInIndex = 1; lastKnownFileType = text.xcconfig; name = "Pods-UnHindrTests.release.xcconfig"; path = "Target Support Files/Pods-UnHindrTests/Pods-UnHindrTests.release.xcconfig"; sourceTree = "<group>"; };
		9D3E4E8623639ECE00B5C512 /* SignUpViewController.swift */ = {isa = PBXFileReference; lastKnownFileType = sourcecode.swift; path = SignUpViewController.swift; sourceTree = "<group>"; };
		9D3E4E882363D9A900B5C512 /* HomeViewController.swift */ = {isa = PBXFileReference; lastKnownFileType = sourcecode.swift; path = HomeViewController.swift; sourceTree = "<group>"; };
		9D49171D23666E3600D695C9 /* medicationViewController.swift */ = {isa = PBXFileReference; lastKnownFileType = sourcecode.swift; path = medicationViewController.swift; sourceTree = "<group>"; };
		9DB7DF1B2361854200FD8AEE /* MainNavigationController.swift */ = {isa = PBXFileReference; lastKnownFileType = sourcecode.swift; path = MainNavigationController.swift; sourceTree = "<group>"; };
		9DB7DF1F236188D200FD8AEE /* LoginViewController.swift */ = {isa = PBXFileReference; lastKnownFileType = sourcecode.swift; path = LoginViewController.swift; sourceTree = "<group>"; };
		9DDB121323558E0100FE2E13 /* UnHindr.app */ = {isa = PBXFileReference; explicitFileType = wrapper.application; includeInIndex = 0; path = UnHindr.app; sourceTree = BUILT_PRODUCTS_DIR; };
		9DDB121623558E0100FE2E13 /* AppDelegate.swift */ = {isa = PBXFileReference; lastKnownFileType = sourcecode.swift; path = AppDelegate.swift; sourceTree = "<group>"; };
		9DDB121823558E0100FE2E13 /* SceneDelegate.swift */ = {isa = PBXFileReference; lastKnownFileType = sourcecode.swift; path = SceneDelegate.swift; sourceTree = "<group>"; };
		9DDB121A23558E0100FE2E13 /* ViewController.swift */ = {isa = PBXFileReference; lastKnownFileType = sourcecode.swift; path = ViewController.swift; sourceTree = "<group>"; };
		9DDB121D23558E0100FE2E13 /* Base */ = {isa = PBXFileReference; lastKnownFileType = file.storyboard; name = Base; path = Base.lproj/Main.storyboard; sourceTree = "<group>"; };
		9DDB121F23558E0600FE2E13 /* Assets.xcassets */ = {isa = PBXFileReference; lastKnownFileType = folder.assetcatalog; path = Assets.xcassets; sourceTree = "<group>"; };
		9DDB122223558E0600FE2E13 /* Base */ = {isa = PBXFileReference; lastKnownFileType = file.storyboard; name = Base; path = Base.lproj/LaunchScreen.storyboard; sourceTree = "<group>"; };
		9DDB122423558E0600FE2E13 /* Info.plist */ = {isa = PBXFileReference; lastKnownFileType = text.plist.xml; path = Info.plist; sourceTree = "<group>"; };
		9DDB122923558E0600FE2E13 /* UnHindrTests.xctest */ = {isa = PBXFileReference; explicitFileType = wrapper.cfbundle; includeInIndex = 0; path = UnHindrTests.xctest; sourceTree = BUILT_PRODUCTS_DIR; };
		9DDB122D23558E0600FE2E13 /* UnHindrTests.swift */ = {isa = PBXFileReference; lastKnownFileType = sourcecode.swift; path = UnHindrTests.swift; sourceTree = "<group>"; };
		9DDB122F23558E0600FE2E13 /* Info.plist */ = {isa = PBXFileReference; lastKnownFileType = text.plist.xml; path = Info.plist; sourceTree = "<group>"; };
		9DDB123423558E0700FE2E13 /* UnHindrUITests.xctest */ = {isa = PBXFileReference; explicitFileType = wrapper.cfbundle; includeInIndex = 0; path = UnHindrUITests.xctest; sourceTree = BUILT_PRODUCTS_DIR; };
		9DDB123823558E0700FE2E13 /* UnHindrUITests.swift */ = {isa = PBXFileReference; lastKnownFileType = sourcecode.swift; path = UnHindrUITests.swift; sourceTree = "<group>"; };
		9DDB123A23558E0700FE2E13 /* Info.plist */ = {isa = PBXFileReference; lastKnownFileType = text.plist.xml; path = Info.plist; sourceTree = "<group>"; };
		9DDB12462355903900FE2E13 /* GoogleService-Info.plist */ = {isa = PBXFileReference; fileEncoding = 4; lastKnownFileType = text.plist.xml; path = "GoogleService-Info.plist"; sourceTree = "<group>"; };
		AECD7ED6E720FAD4C1CB52D9 /* Pods-UnHindr.release.xcconfig */ = {isa = PBXFileReference; includeInIndex = 1; lastKnownFileType = text.xcconfig; name = "Pods-UnHindr.release.xcconfig"; path = "Target Support Files/Pods-UnHindr/Pods-UnHindr.release.xcconfig"; sourceTree = "<group>"; };
		BCB6C935B34E6D3DE2F34548 /* Pods_UnHindr_UnHindrUITests.framework */ = {isa = PBXFileReference; explicitFileType = wrapper.framework; includeInIndex = 0; path = Pods_UnHindr_UnHindrUITests.framework; sourceTree = BUILT_PRODUCTS_DIR; };
		EAEE5F977AC46F5D7592A429 /* Pods-UnHindr.debug.xcconfig */ = {isa = PBXFileReference; includeInIndex = 1; lastKnownFileType = text.xcconfig; name = "Pods-UnHindr.debug.xcconfig"; path = "Target Support Files/Pods-UnHindr/Pods-UnHindr.debug.xcconfig"; sourceTree = "<group>"; };
		F377B48B523E5E1E35E686F5 /* Pods_UnHindr.framework */ = {isa = PBXFileReference; explicitFileType = wrapper.framework; includeInIndex = 0; path = Pods_UnHindr.framework; sourceTree = BUILT_PRODUCTS_DIR; };
		FF8AF8A160563BD2B38F47A2 /* Pods_UnHindrTests.framework */ = {isa = PBXFileReference; explicitFileType = wrapper.framework; includeInIndex = 0; path = Pods_UnHindrTests.framework; sourceTree = BUILT_PRODUCTS_DIR; };
/* End PBXFileReference section */

/* Begin PBXFrameworksBuildPhase section */
		9DDB121023558E0100FE2E13 /* Frameworks */ = {
			isa = PBXFrameworksBuildPhase;
			buildActionMask = 2147483647;
			files = (
				492960D887BDEC9F23A2EB03 /* Pods_UnHindr.framework in Frameworks */,
			);
			runOnlyForDeploymentPostprocessing = 0;
		};
		9DDB122623558E0600FE2E13 /* Frameworks */ = {
			isa = PBXFrameworksBuildPhase;
			buildActionMask = 2147483647;
			files = (
				A2BAB4B78EA53F17F5A4980D /* Pods_UnHindrTests.framework in Frameworks */,
			);
			runOnlyForDeploymentPostprocessing = 0;
		};
		9DDB123123558E0700FE2E13 /* Frameworks */ = {
			isa = PBXFrameworksBuildPhase;
			buildActionMask = 2147483647;
			files = (
				294735088BBF85FCCCEF3DD3 /* Pods_UnHindr_UnHindrUITests.framework in Frameworks */,
			);
			runOnlyForDeploymentPostprocessing = 0;
		};
/* End PBXFrameworksBuildPhase section */

/* Begin PBXGroup section */
		3368A9D866689AE73AB5C27D /* Pods */ = {
			isa = PBXGroup;
			children = (
				EAEE5F977AC46F5D7592A429 /* Pods-UnHindr.debug.xcconfig */,
				AECD7ED6E720FAD4C1CB52D9 /* Pods-UnHindr.release.xcconfig */,
				19B6BB9FCC48BC0113BD9985 /* Pods-UnHindr-UnHindrUITests.debug.xcconfig */,
				451F037BC44E4EA3E4692823 /* Pods-UnHindr-UnHindrUITests.release.xcconfig */,
				234CBDB7DF1D68FFEA0C9F89 /* Pods-UnHindrTests.debug.xcconfig */,
				725EAD4385E587E0772C9C68 /* Pods-UnHindrTests.release.xcconfig */,
			);
			path = Pods;
			sourceTree = "<group>";
		};
		9D3E4E852363901600B5C512 /* ViewControllers */ = {
			isa = PBXGroup;
			children = (
				9DDB121A23558E0100FE2E13 /* ViewController.swift */,
				9DB7DF1F236188D200FD8AEE /* LoginViewController.swift */,
				9DB7DF1B2361854200FD8AEE /* MainNavigationController.swift */,
				9D3E4E8623639ECE00B5C512 /* SignUpViewController.swift */,
				9D3E4E882363D9A900B5C512 /* HomeViewController.swift */,
				9D49171D23666E3600D695C9 /* medicationViewController.swift */,
			);
			path = ViewControllers;
			sourceTree = "<group>";
		};
		9D6A8C27F84795667DAE8A0B /* Frameworks */ = {
			isa = PBXGroup;
			children = (
				F377B48B523E5E1E35E686F5 /* Pods_UnHindr.framework */,
				BCB6C935B34E6D3DE2F34548 /* Pods_UnHindr_UnHindrUITests.framework */,
				FF8AF8A160563BD2B38F47A2 /* Pods_UnHindrTests.framework */,
			);
			name = Frameworks;
			sourceTree = "<group>";
		};
		9DDB120A23558E0100FE2E13 = {
			isa = PBXGroup;
			children = (
				9DDB121523558E0100FE2E13 /* UnHindr */,
				9DDB122C23558E0600FE2E13 /* UnHindrTests */,
				9DDB123723558E0700FE2E13 /* UnHindrUITests */,
				9DDB121423558E0100FE2E13 /* Products */,
				3368A9D866689AE73AB5C27D /* Pods */,
				9D6A8C27F84795667DAE8A0B /* Frameworks */,
			);
			sourceTree = "<group>";
		};
		9DDB121423558E0100FE2E13 /* Products */ = {
			isa = PBXGroup;
			children = (
				9DDB121323558E0100FE2E13 /* UnHindr.app */,
				9DDB122923558E0600FE2E13 /* UnHindrTests.xctest */,
				9DDB123423558E0700FE2E13 /* UnHindrUITests.xctest */,
			);
			name = Products;
			sourceTree = "<group>";
		};
		9DDB121523558E0100FE2E13 /* UnHindr */ = {
			isa = PBXGroup;
			children = (
				9DDB121623558E0100FE2E13 /* AppDelegate.swift */,
				9DDB121823558E0100FE2E13 /* SceneDelegate.swift */,
				9D3E4E852363901600B5C512 /* ViewControllers */,
				9DDB121C23558E0100FE2E13 /* Main.storyboard */,
				9DDB121F23558E0600FE2E13 /* Assets.xcassets */,
				9DDB122123558E0600FE2E13 /* LaunchScreen.storyboard */,
				9DDB12462355903900FE2E13 /* GoogleService-Info.plist */,
				9DDB122423558E0600FE2E13 /* Info.plist */,
			);
			path = UnHindr;
			sourceTree = "<group>";
		};
		9DDB122C23558E0600FE2E13 /* UnHindrTests */ = {
			isa = PBXGroup;
			children = (
				9DDB122D23558E0600FE2E13 /* UnHindrTests.swift */,
				9DDB122F23558E0600FE2E13 /* Info.plist */,
			);
			path = UnHindrTests;
			sourceTree = "<group>";
		};
		9DDB123723558E0700FE2E13 /* UnHindrUITests */ = {
			isa = PBXGroup;
			children = (
				9DDB123823558E0700FE2E13 /* UnHindrUITests.swift */,
				9DDB123A23558E0700FE2E13 /* Info.plist */,
			);
			path = UnHindrUITests;
			sourceTree = "<group>";
		};
/* End PBXGroup section */

/* Begin PBXNativeTarget section */
		9DDB121223558E0100FE2E13 /* UnHindr */ = {
			isa = PBXNativeTarget;
			buildConfigurationList = 9DDB123D23558E0700FE2E13 /* Build configuration list for PBXNativeTarget "UnHindr" */;
			buildPhases = (
				C8F94D3C33DC1D5D3EAC54BD /* [CP] Check Pods Manifest.lock */,
				9DDB120F23558E0100FE2E13 /* Sources */,
				9DDB121023558E0100FE2E13 /* Frameworks */,
				9DDB121123558E0100FE2E13 /* Resources */,
				9E76D4F92B7D71354CD8E81B /* [CP] Embed Pods Frameworks */,
			);
			buildRules = (
			);
			dependencies = (
			);
			name = UnHindr;
			productName = UnHindr;
			productReference = 9DDB121323558E0100FE2E13 /* UnHindr.app */;
			productType = "com.apple.product-type.application";
		};
		9DDB122823558E0600FE2E13 /* UnHindrTests */ = {
			isa = PBXNativeTarget;
			buildConfigurationList = 9DDB124023558E0700FE2E13 /* Build configuration list for PBXNativeTarget "UnHindrTests" */;
			buildPhases = (
				E2B3956855334E851B4E73D4 /* [CP] Check Pods Manifest.lock */,
				9DDB122523558E0600FE2E13 /* Sources */,
				9DDB122623558E0600FE2E13 /* Frameworks */,
				9DDB122723558E0600FE2E13 /* Resources */,
			);
			buildRules = (
			);
			dependencies = (
				9DDB122B23558E0600FE2E13 /* PBXTargetDependency */,
			);
			name = UnHindrTests;
			productName = UnHindrTests;
			productReference = 9DDB122923558E0600FE2E13 /* UnHindrTests.xctest */;
			productType = "com.apple.product-type.bundle.unit-test";
		};
		9DDB123323558E0700FE2E13 /* UnHindrUITests */ = {
			isa = PBXNativeTarget;
			buildConfigurationList = 9DDB124323558E0700FE2E13 /* Build configuration list for PBXNativeTarget "UnHindrUITests" */;
			buildPhases = (
				5794490E3C3C7DBCBFAF9F1D /* [CP] Check Pods Manifest.lock */,
				9DDB123023558E0700FE2E13 /* Sources */,
				9DDB123123558E0700FE2E13 /* Frameworks */,
				9DDB123223558E0700FE2E13 /* Resources */,
				3B6DBB6230E78F123735C2A0 /* [CP] Embed Pods Frameworks */,
			);
			buildRules = (
			);
			dependencies = (
				9DDB123623558E0700FE2E13 /* PBXTargetDependency */,
			);
			name = UnHindrUITests;
			productName = UnHindrUITests;
			productReference = 9DDB123423558E0700FE2E13 /* UnHindrUITests.xctest */;
			productType = "com.apple.product-type.bundle.ui-testing";
		};
/* End PBXNativeTarget section */

/* Begin PBXProject section */
		9DDB120B23558E0100FE2E13 /* Project object */ = {
			isa = PBXProject;
			attributes = {
				LastSwiftUpdateCheck = 1110;
				LastUpgradeCheck = 1110;
				ORGANIZATIONNAME = Sigma;
				TargetAttributes = {
					9DDB121223558E0100FE2E13 = {
						CreatedOnToolsVersion = 11.1;
					};
					9DDB122823558E0600FE2E13 = {
						CreatedOnToolsVersion = 11.1;
						TestTargetID = 9DDB121223558E0100FE2E13;
					};
					9DDB123323558E0700FE2E13 = {
						CreatedOnToolsVersion = 11.1;
						TestTargetID = 9DDB121223558E0100FE2E13;
					};
				};
			};
			buildConfigurationList = 9DDB120E23558E0100FE2E13 /* Build configuration list for PBXProject "UnHindr" */;
			compatibilityVersion = "Xcode 9.3";
			developmentRegion = en;
			hasScannedForEncodings = 0;
			knownRegions = (
				en,
				Base,
			);
			mainGroup = 9DDB120A23558E0100FE2E13;
			productRefGroup = 9DDB121423558E0100FE2E13 /* Products */;
			projectDirPath = "";
			projectRoot = "";
			targets = (
				9DDB121223558E0100FE2E13 /* UnHindr */,
				9DDB122823558E0600FE2E13 /* UnHindrTests */,
				9DDB123323558E0700FE2E13 /* UnHindrUITests */,
			);
		};
/* End PBXProject section */

/* Begin PBXResourcesBuildPhase section */
		9DDB121123558E0100FE2E13 /* Resources */ = {
			isa = PBXResourcesBuildPhase;
			buildActionMask = 2147483647;
			files = (
				9DDB122323558E0600FE2E13 /* LaunchScreen.storyboard in Resources */,
				9DDB12472355903900FE2E13 /* GoogleService-Info.plist in Resources */,
				9DDB122023558E0600FE2E13 /* Assets.xcassets in Resources */,
				9DDB121E23558E0100FE2E13 /* Main.storyboard in Resources */,
			);
			runOnlyForDeploymentPostprocessing = 0;
		};
		9DDB122723558E0600FE2E13 /* Resources */ = {
			isa = PBXResourcesBuildPhase;
			buildActionMask = 2147483647;
			files = (
				9DDB12482355903900FE2E13 /* GoogleService-Info.plist in Resources */,
			);
			runOnlyForDeploymentPostprocessing = 0;
		};
		9DDB123223558E0700FE2E13 /* Resources */ = {
			isa = PBXResourcesBuildPhase;
			buildActionMask = 2147483647;
			files = (
				9DDB12492355903900FE2E13 /* GoogleService-Info.plist in Resources */,
			);
			runOnlyForDeploymentPostprocessing = 0;
		};
/* End PBXResourcesBuildPhase section */

/* Begin PBXShellScriptBuildPhase section */
		3B6DBB6230E78F123735C2A0 /* [CP] Embed Pods Frameworks */ = {
			isa = PBXShellScriptBuildPhase;
			buildActionMask = 2147483647;
			files = (
			);
			inputFileListPaths = (
				"${PODS_ROOT}/Target Support Files/Pods-UnHindr-UnHindrUITests/Pods-UnHindr-UnHindrUITests-frameworks-${CONFIGURATION}-input-files.xcfilelist",
			);
			name = "[CP] Embed Pods Frameworks";
			outputFileListPaths = (
				"${PODS_ROOT}/Target Support Files/Pods-UnHindr-UnHindrUITests/Pods-UnHindr-UnHindrUITests-frameworks-${CONFIGURATION}-output-files.xcfilelist",
			);
			runOnlyForDeploymentPostprocessing = 0;
			shellPath = /bin/sh;
			shellScript = "\"${PODS_ROOT}/Target Support Files/Pods-UnHindr-UnHindrUITests/Pods-UnHindr-UnHindrUITests-frameworks.sh\"\n";
			showEnvVarsInLog = 0;
		};
		5794490E3C3C7DBCBFAF9F1D /* [CP] Check Pods Manifest.lock */ = {
			isa = PBXShellScriptBuildPhase;
			buildActionMask = 2147483647;
			files = (
			);
			inputFileListPaths = (
			);
			inputPaths = (
				"${PODS_PODFILE_DIR_PATH}/Podfile.lock",
				"${PODS_ROOT}/Manifest.lock",
			);
			name = "[CP] Check Pods Manifest.lock";
			outputFileListPaths = (
			);
			outputPaths = (
				"$(DERIVED_FILE_DIR)/Pods-UnHindr-UnHindrUITests-checkManifestLockResult.txt",
			);
			runOnlyForDeploymentPostprocessing = 0;
			shellPath = /bin/sh;
			shellScript = "diff \"${PODS_PODFILE_DIR_PATH}/Podfile.lock\" \"${PODS_ROOT}/Manifest.lock\" > /dev/null\nif [ $? != 0 ] ; then\n    # print error to STDERR\n    echo \"error: The sandbox is not in sync with the Podfile.lock. Run 'pod install' or update your CocoaPods installation.\" >&2\n    exit 1\nfi\n# This output is used by Xcode 'outputs' to avoid re-running this script phase.\necho \"SUCCESS\" > \"${SCRIPT_OUTPUT_FILE_0}\"\n";
			showEnvVarsInLog = 0;
		};
		9E76D4F92B7D71354CD8E81B /* [CP] Embed Pods Frameworks */ = {
			isa = PBXShellScriptBuildPhase;
			buildActionMask = 2147483647;
			files = (
			);
			inputFileListPaths = (
				"${PODS_ROOT}/Target Support Files/Pods-UnHindr/Pods-UnHindr-frameworks-${CONFIGURATION}-input-files.xcfilelist",
			);
			name = "[CP] Embed Pods Frameworks";
			outputFileListPaths = (
				"${PODS_ROOT}/Target Support Files/Pods-UnHindr/Pods-UnHindr-frameworks-${CONFIGURATION}-output-files.xcfilelist",
			);
			runOnlyForDeploymentPostprocessing = 0;
			shellPath = /bin/sh;
			shellScript = "\"${PODS_ROOT}/Target Support Files/Pods-UnHindr/Pods-UnHindr-frameworks.sh\"\n";
			showEnvVarsInLog = 0;
		};
		C8F94D3C33DC1D5D3EAC54BD /* [CP] Check Pods Manifest.lock */ = {
			isa = PBXShellScriptBuildPhase;
			buildActionMask = 2147483647;
			files = (
			);
			inputFileListPaths = (
			);
			inputPaths = (
				"${PODS_PODFILE_DIR_PATH}/Podfile.lock",
				"${PODS_ROOT}/Manifest.lock",
			);
			name = "[CP] Check Pods Manifest.lock";
			outputFileListPaths = (
			);
			outputPaths = (
				"$(DERIVED_FILE_DIR)/Pods-UnHindr-checkManifestLockResult.txt",
			);
			runOnlyForDeploymentPostprocessing = 0;
			shellPath = /bin/sh;
			shellScript = "diff \"${PODS_PODFILE_DIR_PATH}/Podfile.lock\" \"${PODS_ROOT}/Manifest.lock\" > /dev/null\nif [ $? != 0 ] ; then\n    # print error to STDERR\n    echo \"error: The sandbox is not in sync with the Podfile.lock. Run 'pod install' or update your CocoaPods installation.\" >&2\n    exit 1\nfi\n# This output is used by Xcode 'outputs' to avoid re-running this script phase.\necho \"SUCCESS\" > \"${SCRIPT_OUTPUT_FILE_0}\"\n";
			showEnvVarsInLog = 0;
		};
		E2B3956855334E851B4E73D4 /* [CP] Check Pods Manifest.lock */ = {
			isa = PBXShellScriptBuildPhase;
			buildActionMask = 2147483647;
			files = (
			);
			inputFileListPaths = (
			);
			inputPaths = (
				"${PODS_PODFILE_DIR_PATH}/Podfile.lock",
				"${PODS_ROOT}/Manifest.lock",
			);
			name = "[CP] Check Pods Manifest.lock";
			outputFileListPaths = (
			);
			outputPaths = (
				"$(DERIVED_FILE_DIR)/Pods-UnHindrTests-checkManifestLockResult.txt",
			);
			runOnlyForDeploymentPostprocessing = 0;
			shellPath = /bin/sh;
			shellScript = "diff \"${PODS_PODFILE_DIR_PATH}/Podfile.lock\" \"${PODS_ROOT}/Manifest.lock\" > /dev/null\nif [ $? != 0 ] ; then\n    # print error to STDERR\n    echo \"error: The sandbox is not in sync with the Podfile.lock. Run 'pod install' or update your CocoaPods installation.\" >&2\n    exit 1\nfi\n# This output is used by Xcode 'outputs' to avoid re-running this script phase.\necho \"SUCCESS\" > \"${SCRIPT_OUTPUT_FILE_0}\"\n";
			showEnvVarsInLog = 0;
		};
/* End PBXShellScriptBuildPhase section */

/* Begin PBXSourcesBuildPhase section */
		9DDB120F23558E0100FE2E13 /* Sources */ = {
			isa = PBXSourcesBuildPhase;
			buildActionMask = 2147483647;
			files = (
				9D3E4E8723639ECE00B5C512 /* SignUpViewController.swift in Sources */,
				9DDB121B23558E0100FE2E13 /* ViewController.swift in Sources */,
				9DDB121723558E0100FE2E13 /* AppDelegate.swift in Sources */,
				9DB7DF1C2361854200FD8AEE /* MainNavigationController.swift in Sources */,
				9DB7DF20236188D200FD8AEE /* LoginViewController.swift in Sources */,
				9D49171E23666E3600D695C9 /* medicationViewController.swift in Sources */,
				9D3E4E892363D9AA00B5C512 /* HomeViewController.swift in Sources */,
				9DDB121923558E0100FE2E13 /* SceneDelegate.swift in Sources */,
			);
			runOnlyForDeploymentPostprocessing = 0;
		};
		9DDB122523558E0600FE2E13 /* Sources */ = {
			isa = PBXSourcesBuildPhase;
			buildActionMask = 2147483647;
			files = (
				9DB7DF21236188D200FD8AEE /* LoginViewController.swift in Sources */,
				9DB7DF1D2361854200FD8AEE /* MainNavigationController.swift in Sources */,
				9DDB122E23558E0600FE2E13 /* UnHindrTests.swift in Sources */,
			);
			runOnlyForDeploymentPostprocessing = 0;
		};
		9DDB123023558E0700FE2E13 /* Sources */ = {
			isa = PBXSourcesBuildPhase;
			buildActionMask = 2147483647;
			files = (
				9DB7DF22236188D200FD8AEE /* LoginViewController.swift in Sources */,
				9DB7DF1E2361854200FD8AEE /* MainNavigationController.swift in Sources */,
				9DDB123923558E0700FE2E13 /* UnHindrUITests.swift in Sources */,
			);
			runOnlyForDeploymentPostprocessing = 0;
		};
/* End PBXSourcesBuildPhase section */

/* Begin PBXTargetDependency section */
		9DDB122B23558E0600FE2E13 /* PBXTargetDependency */ = {
			isa = PBXTargetDependency;
			target = 9DDB121223558E0100FE2E13 /* UnHindr */;
			targetProxy = 9DDB122A23558E0600FE2E13 /* PBXContainerItemProxy */;
		};
		9DDB123623558E0700FE2E13 /* PBXTargetDependency */ = {
			isa = PBXTargetDependency;
			target = 9DDB121223558E0100FE2E13 /* UnHindr */;
			targetProxy = 9DDB123523558E0700FE2E13 /* PBXContainerItemProxy */;
		};
/* End PBXTargetDependency section */

/* Begin PBXVariantGroup section */
		9DDB121C23558E0100FE2E13 /* Main.storyboard */ = {
			isa = PBXVariantGroup;
			children = (
				9DDB121D23558E0100FE2E13 /* Base */,
			);
			name = Main.storyboard;
			sourceTree = "<group>";
		};
		9DDB122123558E0600FE2E13 /* LaunchScreen.storyboard */ = {
			isa = PBXVariantGroup;
			children = (
				9DDB122223558E0600FE2E13 /* Base */,
			);
			name = LaunchScreen.storyboard;
			sourceTree = "<group>";
		};
/* End PBXVariantGroup section */

/* Begin XCBuildConfiguration section */
		9DDB123B23558E0700FE2E13 /* Debug */ = {
			isa = XCBuildConfiguration;
			buildSettings = {
				ALWAYS_SEARCH_USER_PATHS = NO;
				CLANG_ANALYZER_NONNULL = YES;
				CLANG_ANALYZER_NUMBER_OBJECT_CONVERSION = YES_AGGRESSIVE;
				CLANG_CXX_LANGUAGE_STANDARD = "gnu++14";
				CLANG_CXX_LIBRARY = "libc++";
				CLANG_ENABLE_MODULES = YES;
				CLANG_ENABLE_OBJC_ARC = YES;
				CLANG_ENABLE_OBJC_WEAK = YES;
				CLANG_WARN_BLOCK_CAPTURE_AUTORELEASING = YES;
				CLANG_WARN_BOOL_CONVERSION = YES;
				CLANG_WARN_COMMA = YES;
				CLANG_WARN_CONSTANT_CONVERSION = YES;
				CLANG_WARN_DEPRECATED_OBJC_IMPLEMENTATIONS = YES;
				CLANG_WARN_DIRECT_OBJC_ISA_USAGE = YES_ERROR;
				CLANG_WARN_DOCUMENTATION_COMMENTS = YES;
				CLANG_WARN_EMPTY_BODY = YES;
				CLANG_WARN_ENUM_CONVERSION = YES;
				CLANG_WARN_INFINITE_RECURSION = YES;
				CLANG_WARN_INT_CONVERSION = YES;
				CLANG_WARN_NON_LITERAL_NULL_CONVERSION = YES;
				CLANG_WARN_OBJC_IMPLICIT_RETAIN_SELF = YES;
				CLANG_WARN_OBJC_LITERAL_CONVERSION = YES;
				CLANG_WARN_OBJC_ROOT_CLASS = YES_ERROR;
				CLANG_WARN_RANGE_LOOP_ANALYSIS = YES;
				CLANG_WARN_STRICT_PROTOTYPES = YES;
				CLANG_WARN_SUSPICIOUS_MOVE = YES;
				CLANG_WARN_UNGUARDED_AVAILABILITY = YES_AGGRESSIVE;
				CLANG_WARN_UNREACHABLE_CODE = YES;
				CLANG_WARN__DUPLICATE_METHOD_MATCH = YES;
				COPY_PHASE_STRIP = NO;
				DEBUG_INFORMATION_FORMAT = dwarf;
				ENABLE_STRICT_OBJC_MSGSEND = YES;
				ENABLE_TESTABILITY = YES;
				GCC_C_LANGUAGE_STANDARD = gnu11;
				GCC_DYNAMIC_NO_PIC = NO;
				GCC_NO_COMMON_BLOCKS = YES;
				GCC_OPTIMIZATION_LEVEL = 0;
				GCC_PREPROCESSOR_DEFINITIONS = (
					"DEBUG=1",
					"$(inherited)",
				);
				GCC_WARN_64_TO_32_BIT_CONVERSION = YES;
				GCC_WARN_ABOUT_RETURN_TYPE = YES_ERROR;
				GCC_WARN_UNDECLARED_SELECTOR = YES;
				GCC_WARN_UNINITIALIZED_AUTOS = YES_AGGRESSIVE;
				GCC_WARN_UNUSED_FUNCTION = YES;
				GCC_WARN_UNUSED_VARIABLE = YES;
				IPHONEOS_DEPLOYMENT_TARGET = 13.1;
				MTL_ENABLE_DEBUG_INFO = INCLUDE_SOURCE;
				MTL_FAST_MATH = YES;
				ONLY_ACTIVE_ARCH = YES;
				SDKROOT = iphoneos;
				SWIFT_ACTIVE_COMPILATION_CONDITIONS = DEBUG;
				SWIFT_OPTIMIZATION_LEVEL = "-Onone";
			};
			name = Debug;
		};
		9DDB123C23558E0700FE2E13 /* Release */ = {
			isa = XCBuildConfiguration;
			buildSettings = {
				ALWAYS_SEARCH_USER_PATHS = NO;
				CLANG_ANALYZER_NONNULL = YES;
				CLANG_ANALYZER_NUMBER_OBJECT_CONVERSION = YES_AGGRESSIVE;
				CLANG_CXX_LANGUAGE_STANDARD = "gnu++14";
				CLANG_CXX_LIBRARY = "libc++";
				CLANG_ENABLE_MODULES = YES;
				CLANG_ENABLE_OBJC_ARC = YES;
				CLANG_ENABLE_OBJC_WEAK = YES;
				CLANG_WARN_BLOCK_CAPTURE_AUTORELEASING = YES;
				CLANG_WARN_BOOL_CONVERSION = YES;
				CLANG_WARN_COMMA = YES;
				CLANG_WARN_CONSTANT_CONVERSION = YES;
				CLANG_WARN_DEPRECATED_OBJC_IMPLEMENTATIONS = YES;
				CLANG_WARN_DIRECT_OBJC_ISA_USAGE = YES_ERROR;
				CLANG_WARN_DOCUMENTATION_COMMENTS = YES;
				CLANG_WARN_EMPTY_BODY = YES;
				CLANG_WARN_ENUM_CONVERSION = YES;
				CLANG_WARN_INFINITE_RECURSION = YES;
				CLANG_WARN_INT_CONVERSION = YES;
				CLANG_WARN_NON_LITERAL_NULL_CONVERSION = YES;
				CLANG_WARN_OBJC_IMPLICIT_RETAIN_SELF = YES;
				CLANG_WARN_OBJC_LITERAL_CONVERSION = YES;
				CLANG_WARN_OBJC_ROOT_CLASS = YES_ERROR;
				CLANG_WARN_RANGE_LOOP_ANALYSIS = YES;
				CLANG_WARN_STRICT_PROTOTYPES = YES;
				CLANG_WARN_SUSPICIOUS_MOVE = YES;
				CLANG_WARN_UNGUARDED_AVAILABILITY = YES_AGGRESSIVE;
				CLANG_WARN_UNREACHABLE_CODE = YES;
				CLANG_WARN__DUPLICATE_METHOD_MATCH = YES;
				COPY_PHASE_STRIP = NO;
				DEBUG_INFORMATION_FORMAT = "dwarf-with-dsym";
				ENABLE_NS_ASSERTIONS = NO;
				ENABLE_STRICT_OBJC_MSGSEND = YES;
				GCC_C_LANGUAGE_STANDARD = gnu11;
				GCC_NO_COMMON_BLOCKS = YES;
				GCC_WARN_64_TO_32_BIT_CONVERSION = YES;
				GCC_WARN_ABOUT_RETURN_TYPE = YES_ERROR;
				GCC_WARN_UNDECLARED_SELECTOR = YES;
				GCC_WARN_UNINITIALIZED_AUTOS = YES_AGGRESSIVE;
				GCC_WARN_UNUSED_FUNCTION = YES;
				GCC_WARN_UNUSED_VARIABLE = YES;
				IPHONEOS_DEPLOYMENT_TARGET = 13.1;
				MTL_ENABLE_DEBUG_INFO = NO;
				MTL_FAST_MATH = YES;
				SDKROOT = iphoneos;
				SWIFT_COMPILATION_MODE = wholemodule;
				SWIFT_OPTIMIZATION_LEVEL = "-O";
				VALIDATE_PRODUCT = YES;
			};
			name = Release;
		};
		9DDB123E23558E0700FE2E13 /* Debug */ = {
			isa = XCBuildConfiguration;
			baseConfigurationReference = EAEE5F977AC46F5D7592A429 /* Pods-UnHindr.debug.xcconfig */;
			buildSettings = {
				ASSETCATALOG_COMPILER_APPICON_NAME = AppIcon;
				CODE_SIGN_STYLE = Automatic;
				INFOPLIST_FILE = UnHindr/Info.plist;
				LD_RUNPATH_SEARCH_PATHS = (
					"$(inherited)",
					"@executable_path/Frameworks",
				);
				PRODUCT_BUNDLE_IDENTIFIER = com.Sigma.UnHindr;
				PRODUCT_NAME = "$(TARGET_NAME)";
				SWIFT_VERSION = 5.0;
				TARGETED_DEVICE_FAMILY = "1,2";
			};
			name = Debug;
		};
		9DDB123F23558E0700FE2E13 /* Release */ = {
			isa = XCBuildConfiguration;
			baseConfigurationReference = AECD7ED6E720FAD4C1CB52D9 /* Pods-UnHindr.release.xcconfig */;
			buildSettings = {
				ASSETCATALOG_COMPILER_APPICON_NAME = AppIcon;
				CODE_SIGN_STYLE = Automatic;
				INFOPLIST_FILE = UnHindr/Info.plist;
				LD_RUNPATH_SEARCH_PATHS = (
					"$(inherited)",
					"@executable_path/Frameworks",
				);
				PRODUCT_BUNDLE_IDENTIFIER = com.Sigma.UnHindr;
				PRODUCT_NAME = "$(TARGET_NAME)";
				SWIFT_VERSION = 5.0;
				TARGETED_DEVICE_FAMILY = "1,2";
			};
			name = Release;
		};
		9DDB124123558E0700FE2E13 /* Debug */ = {
			isa = XCBuildConfiguration;
			baseConfigurationReference = 234CBDB7DF1D68FFEA0C9F89 /* Pods-UnHindrTests.debug.xcconfig */;
			buildSettings = {
				ALWAYS_EMBED_SWIFT_STANDARD_LIBRARIES = YES;
				BUNDLE_LOADER = "$(TEST_HOST)";
				CODE_SIGN_STYLE = Automatic;
				INFOPLIST_FILE = UnHindrTests/Info.plist;
				IPHONEOS_DEPLOYMENT_TARGET = 13.1;
				LD_RUNPATH_SEARCH_PATHS = (
					"$(inherited)",
					"@executable_path/Frameworks",
					"@loader_path/Frameworks",
				);
				PRODUCT_BUNDLE_IDENTIFIER = com.Sigma.UnHindrTests;
				PRODUCT_NAME = "$(TARGET_NAME)";
				SWIFT_VERSION = 5.0;
				TARGETED_DEVICE_FAMILY = "1,2";
				TEST_HOST = "$(BUILT_PRODUCTS_DIR)/UnHindr.app/UnHindr";
			};
			name = Debug;
		};
		9DDB124223558E0700FE2E13 /* Release */ = {
			isa = XCBuildConfiguration;
			baseConfigurationReference = 725EAD4385E587E0772C9C68 /* Pods-UnHindrTests.release.xcconfig */;
			buildSettings = {
				ALWAYS_EMBED_SWIFT_STANDARD_LIBRARIES = YES;
				BUNDLE_LOADER = "$(TEST_HOST)";
				CODE_SIGN_STYLE = Automatic;
				INFOPLIST_FILE = UnHindrTests/Info.plist;
				IPHONEOS_DEPLOYMENT_TARGET = 13.1;
				LD_RUNPATH_SEARCH_PATHS = (
					"$(inherited)",
					"@executable_path/Frameworks",
					"@loader_path/Frameworks",
				);
				PRODUCT_BUNDLE_IDENTIFIER = com.Sigma.UnHindrTests;
				PRODUCT_NAME = "$(TARGET_NAME)";
				SWIFT_VERSION = 5.0;
				TARGETED_DEVICE_FAMILY = "1,2";
				TEST_HOST = "$(BUILT_PRODUCTS_DIR)/UnHindr.app/UnHindr";
			};
			name = Release;
		};
		9DDB124423558E0700FE2E13 /* Debug */ = {
			isa = XCBuildConfiguration;
			baseConfigurationReference = 19B6BB9FCC48BC0113BD9985 /* Pods-UnHindr-UnHindrUITests.debug.xcconfig */;
			buildSettings = {
				ALWAYS_EMBED_SWIFT_STANDARD_LIBRARIES = YES;
				CODE_SIGN_STYLE = Automatic;
				INFOPLIST_FILE = UnHindrUITests/Info.plist;
				LD_RUNPATH_SEARCH_PATHS = (
					"$(inherited)",
					"@executable_path/Frameworks",
					"@loader_path/Frameworks",
				);
				PRODUCT_BUNDLE_IDENTIFIER = com.Sigma.UnHindrUITests;
				PRODUCT_NAME = "$(TARGET_NAME)";
				SWIFT_VERSION = 5.0;
				TARGETED_DEVICE_FAMILY = "1,2";
				TEST_TARGET_NAME = UnHindr;
			};
			name = Debug;
		};
		9DDB124523558E0700FE2E13 /* Release */ = {
			isa = XCBuildConfiguration;
			baseConfigurationReference = 451F037BC44E4EA3E4692823 /* Pods-UnHindr-UnHindrUITests.release.xcconfig */;
			buildSettings = {
				ALWAYS_EMBED_SWIFT_STANDARD_LIBRARIES = YES;
				CODE_SIGN_STYLE = Automatic;
				INFOPLIST_FILE = UnHindrUITests/Info.plist;
				LD_RUNPATH_SEARCH_PATHS = (
					"$(inherited)",
					"@executable_path/Frameworks",
					"@loader_path/Frameworks",
				);
				PRODUCT_BUNDLE_IDENTIFIER = com.Sigma.UnHindrUITests;
				PRODUCT_NAME = "$(TARGET_NAME)";
				SWIFT_VERSION = 5.0;
				TARGETED_DEVICE_FAMILY = "1,2";
				TEST_TARGET_NAME = UnHindr;
			};
			name = Release;
		};
/* End XCBuildConfiguration section */

/* Begin XCConfigurationList section */
		9DDB120E23558E0100FE2E13 /* Build configuration list for PBXProject "UnHindr" */ = {
			isa = XCConfigurationList;
			buildConfigurations = (
				9DDB123B23558E0700FE2E13 /* Debug */,
				9DDB123C23558E0700FE2E13 /* Release */,
			);
			defaultConfigurationIsVisible = 0;
			defaultConfigurationName = Release;
		};
		9DDB123D23558E0700FE2E13 /* Build configuration list for PBXNativeTarget "UnHindr" */ = {
			isa = XCConfigurationList;
			buildConfigurations = (
				9DDB123E23558E0700FE2E13 /* Debug */,
				9DDB123F23558E0700FE2E13 /* Release */,
			);
			defaultConfigurationIsVisible = 0;
			defaultConfigurationName = Release;
		};
		9DDB124023558E0700FE2E13 /* Build configuration list for PBXNativeTarget "UnHindrTests" */ = {
			isa = XCConfigurationList;
			buildConfigurations = (
				9DDB124123558E0700FE2E13 /* Debug */,
				9DDB124223558E0700FE2E13 /* Release */,
			);
			defaultConfigurationIsVisible = 0;
			defaultConfigurationName = Release;
		};
		9DDB124323558E0700FE2E13 /* Build configuration list for PBXNativeTarget "UnHindrUITests" */ = {
			isa = XCConfigurationList;
			buildConfigurations = (
				9DDB124423558E0700FE2E13 /* Debug */,
				9DDB124523558E0700FE2E13 /* Release */,
			);
			defaultConfigurationIsVisible = 0;
			defaultConfigurationName = Release;
		};
/* End XCConfigurationList section */
	};
	rootObject = 9DDB120B23558E0100FE2E13 /* Project object */;
}
