// !$*UTF8*$!
{
	archiveVersion = 1;
	classes = {
	};
	objectVersion = 51;
	objects = {

/* Begin PBXBuildFile section */
		185E08EB515929A3C41DCA06 /* Pods_UnHindrTests.framework in Frameworks */ = {isa = PBXBuildFile; fileRef = 4E98EBEE8A222DA52CA9D297 /* Pods_UnHindrTests.framework */; };
		2128337A23938D4F00C661CA /* Patient.swift in Sources */ = {isa = PBXBuildFile; fileRef = 2128337923938D4F00C661CA /* Patient.swift */; };
		215C15DC236F6E5F0063F3E4 /* WellnessTestHomeViewController.swift in Sources */ = {isa = PBXBuildFile; fileRef = 215C15DB236F6E5F0063F3E4 /* WellnessTestHomeViewController.swift */; };
		218FEDCF2394853300E8D932 /* SFU.gpx in Resources */ = {isa = PBXBuildFile; fileRef = 218FEDCE2394853200E8D932 /* SFU.gpx */; };
		2D2E7E7A2393617900BC32A9 /* FullMedicationList.storyboard in Resources */ = {isa = PBXBuildFile; fileRef = 2D2E7E792393617900BC32A9 /* FullMedicationList.storyboard */; };
		2D5BBA772389E7B20074A202 /* FullMedicationViewController.swift in Sources */ = {isa = PBXBuildFile; fileRef = 2D5BBA762389E7B20074A202 /* FullMedicationViewController.swift */; };
		2D5BBA792389F4530074A202 /* MedicationTableViewCell.swift in Sources */ = {isa = PBXBuildFile; fileRef = 2D5BBA782389F4530074A202 /* MedicationTableViewCell.swift */; };
		2D7A40E6238B316100958659 /* Medication.swift in Sources */ = {isa = PBXBuildFile; fileRef = 2D7A40E5238B316100958659 /* Medication.swift */; };
		2DA6698E2381EAA60050AE42 /* MedicationTests.swift in Sources */ = {isa = PBXBuildFile; fileRef = 2DA6698D2381EAA60050AE42 /* MedicationTests.swift */; };
		2DD67104236BC4C5005948DF /* HomeScreenViewController.swift in Sources */ = {isa = PBXBuildFile; fileRef = 2DD67103236BC4C5005948DF /* HomeScreenViewController.swift */; };
		2DD6710B236BCD41005948DF /* Login.storyboard in Resources */ = {isa = PBXBuildFile; fileRef = 2DD67107236BCD41005948DF /* Login.storyboard */; };
		2DD6710C236BCD41005948DF /* HomeScreen.storyboard in Resources */ = {isa = PBXBuildFile; fileRef = 2DD67109236BCD41005948DF /* HomeScreen.storyboard */; };
		2DE6A77D236E402B00B76282 /* Services.swift in Sources */ = {isa = PBXBuildFile; fileRef = 2DE6A77C236E402B00B76282 /* Services.swift */; };
		7013CBB92370D00E00A1231F /* ChartsViewController.swift in Sources */ = {isa = PBXBuildFile; fileRef = 7013CBB82370D00E00A1231F /* ChartsViewController.swift */; };
		707E9F5E23827EF2006A3AF5 /* MoodGraphs.storyboard in Resources */ = {isa = PBXBuildFile; fileRef = 707E9F5923827EF0006A3AF5 /* MoodGraphs.storyboard */; };
		707E9F5F23827EF2006A3AF5 /* WellnessTestHome.storyboard in Resources */ = {isa = PBXBuildFile; fileRef = 707E9F5A23827EF1006A3AF5 /* WellnessTestHome.storyboard */; };
		707E9F6023827EF2006A3AF5 /* WellnessGraphs.storyboard in Resources */ = {isa = PBXBuildFile; fileRef = 707E9F5B23827EF1006A3AF5 /* WellnessGraphs.storyboard */; };
		707E9F6123827EF2006A3AF5 /* MotorGameGraph.storyboard in Resources */ = {isa = PBXBuildFile; fileRef = 707E9F5C23827EF1006A3AF5 /* MotorGameGraph.storyboard */; };
		707E9F6223827EF2006A3AF5 /* CogGameGraphs.storyboard in Resources */ = {isa = PBXBuildFile; fileRef = 707E9F5D23827EF2006A3AF5 /* CogGameGraphs.storyboard */; };
		707E9F6723827F6B006A3AF5 /* CogGameMonthlyViewController.swift in Sources */ = {isa = PBXBuildFile; fileRef = 707E9F6323827F6A006A3AF5 /* CogGameMonthlyViewController.swift */; };
		707E9F6823827F6B006A3AF5 /* CogGameGraphViewController.swift in Sources */ = {isa = PBXBuildFile; fileRef = 707E9F6423827F6A006A3AF5 /* CogGameGraphViewController.swift */; };
		707E9F6A23827F6B006A3AF5 /* cogYearlyGraphViewController.swift in Sources */ = {isa = PBXBuildFile; fileRef = 707E9F6623827F6B006A3AF5 /* cogYearlyGraphViewController.swift */; };
		707E9F6E23827F77006A3AF5 /* MotorGameMonthlyViewController.swift in Sources */ = {isa = PBXBuildFile; fileRef = 707E9F6B23827F76006A3AF5 /* MotorGameMonthlyViewController.swift */; };
		707E9F6F23827F77006A3AF5 /* MotorGameYearlyViewController.swift in Sources */ = {isa = PBXBuildFile; fileRef = 707E9F6C23827F76006A3AF5 /* MotorGameYearlyViewController.swift */; };
		707E9F7023827F77006A3AF5 /* MotorGameGraphViewController.swift in Sources */ = {isa = PBXBuildFile; fileRef = 707E9F6D23827F76006A3AF5 /* MotorGameGraphViewController.swift */; };
		707E9F7423827F85006A3AF5 /* MonthMoodGraphViewController.swift in Sources */ = {isa = PBXBuildFile; fileRef = 707E9F7123827F85006A3AF5 /* MonthMoodGraphViewController.swift */; };
		707E9F7523827F85006A3AF5 /* MoodGraphsViewController.swift in Sources */ = {isa = PBXBuildFile; fileRef = 707E9F7223827F85006A3AF5 /* MoodGraphsViewController.swift */; };
		707E9F7623827F85006A3AF5 /* YearMoodGraphViewController.swift in Sources */ = {isa = PBXBuildFile; fileRef = 707E9F7323827F85006A3AF5 /* YearMoodGraphViewController.swift */; };
		70B46FB02389E4B80088D1FD /* CaregiverMedicationScreen.storyboard in Resources */ = {isa = PBXBuildFile; fileRef = 70B46FAF2389E4B80088D1FD /* CaregiverMedicationScreen.storyboard */; };
		70B46FB42389F2440088D1FD /* CaregiverPatientsViewController.swift in Sources */ = {isa = PBXBuildFile; fileRef = 70B46FB32389F2440088D1FD /* CaregiverPatientsViewController.swift */; };
		70C1FCEB23887E0600BF1CC6 /* MonthMedChartViewController.swift in Sources */ = {isa = PBXBuildFile; fileRef = 70C1FCEA23887E0600BF1CC6 /* MonthMedChartViewController.swift */; };
		70C1FCEF238884E700BF1CC6 /* YearMedChartViewController.swift in Sources */ = {isa = PBXBuildFile; fileRef = 70C1FCEE238884E700BF1CC6 /* YearMedChartViewController.swift */; };
		8176FAB3237B88D80083B445 /* CogGameViewController.swift in Sources */ = {isa = PBXBuildFile; fileRef = 8176FAB2237B88D80083B445 /* CogGameViewController.swift */; };
		8176FAB5237B896B0083B445 /* CardModel.swift in Sources */ = {isa = PBXBuildFile; fileRef = 8176FAB4237B896B0083B445 /* CardModel.swift */; };
		8176FAB7237B8A9C0083B445 /* Card.swift in Sources */ = {isa = PBXBuildFile; fileRef = 8176FAB6237B8A9C0083B445 /* Card.swift */; };
		8176FAB9237B94FC0083B445 /* CardCollectionViewCell.swift in Sources */ = {isa = PBXBuildFile; fileRef = 8176FAB8237B94FC0083B445 /* CardCollectionViewCell.swift */; };
		817B5F6723889CB5009BF125 /* Chat.storyboard in Resources */ = {isa = PBXBuildFile; fileRef = 817B5F6623889CB5009BF125 /* Chat.storyboard */; };
		817B5F6923889CE9009BF125 /* ChatViewController.swift in Sources */ = {isa = PBXBuildFile; fileRef = 817B5F6823889CE9009BF125 /* ChatViewController.swift */; };
		817B5F6C2388A478009BF125 /* Message.swift in Sources */ = {isa = PBXBuildFile; fileRef = 817B5F6B2388A478009BF125 /* Message.swift */; };
		817B5F6F2388C117009BF125 /* MessageCell.swift in Sources */ = {isa = PBXBuildFile; fileRef = 817B5F6D2388C117009BF125 /* MessageCell.swift */; };
		817B5F702388C117009BF125 /* MessageCell.xib in Resources */ = {isa = PBXBuildFile; fileRef = 817B5F6E2388C117009BF125 /* MessageCell.xib */; };
		81A7340C2381E0840069FE24 /* CogGameTest.swift in Sources */ = {isa = PBXBuildFile; fileRef = 81A7340B2381E0840069FE24 /* CogGameTest.swift */; };
		81A7340E238200320069FE24 /* CogGameUITests.swift in Sources */ = {isa = PBXBuildFile; fileRef = 81A7340D238200320069FE24 /* CogGameUITests.swift */; };
		81A7A803239492E7000129FB /* ChatUITests.swift in Sources */ = {isa = PBXBuildFile; fileRef = 81A7A802239492E7000129FB /* ChatUITests.swift */; };
		81B5908E2378F8DD00BA49AF /* CogGame.storyboard in Resources */ = {isa = PBXBuildFile; fileRef = 81B5908D2378F8DD00BA49AF /* CogGame.storyboard */; };
		81BDBD9F237F8E9C00F4C970 /* shuffle.wav in Resources */ = {isa = PBXBuildFile; fileRef = 81BDBD9B237F8E9B00F4C970 /* shuffle.wav */; };
		81BDBDA0237F8E9C00F4C970 /* dingcorrect.wav in Resources */ = {isa = PBXBuildFile; fileRef = 81BDBD9C237F8E9B00F4C970 /* dingcorrect.wav */; };
		81BDBDA1237F8E9C00F4C970 /* dingwrong.wav in Resources */ = {isa = PBXBuildFile; fileRef = 81BDBD9D237F8E9C00F4C970 /* dingwrong.wav */; };
		81BDBDA2237F8E9C00F4C970 /* cardflip.wav in Resources */ = {isa = PBXBuildFile; fileRef = 81BDBD9E237F8E9C00F4C970 /* cardflip.wav */; };
		81BDBDA4237F8F9000F4C970 /* AVFoundation.framework in Frameworks */ = {isa = PBXBuildFile; fileRef = 81BDBDA3237F8F9000F4C970 /* AVFoundation.framework */; };
		81BDBDA6237F8FDB00F4C970 /* SoundManager.swift in Sources */ = {isa = PBXBuildFile; fileRef = 81BDBDA5237F8FDB00F4C970 /* SoundManager.swift */; };
		81D15232238B5E6E00A762A7 /* IQKeyboardManagerSwift.framework in Frameworks */ = {isa = PBXBuildFile; fileRef = 81D15231238B5E6E00A762A7 /* IQKeyboardManagerSwift.framework */; settings = {ATTRIBUTES = (Required, ); }; };
		917005C6FF22DCC60112BF31 /* Pods_UnHindr_UnHindrUITests.framework in Frameworks */ = {isa = PBXBuildFile; fileRef = 60A7EE0DF36D68CB24C9574E /* Pods_UnHindr_UnHindrUITests.framework */; };
		98F115D8236CCDF80082A1B1 /* Mood.storyboard in Resources */ = {isa = PBXBuildFile; fileRef = 98F115D7236CCDF80082A1B1 /* Mood.storyboard */; };
		98F115DA236CCED00082A1B1 /* MoodViewController.swift in Sources */ = {isa = PBXBuildFile; fileRef = 98F115D9236CCED00082A1B1 /* MoodViewController.swift */; };
		98F115E5236D23380082A1B1 /* MoodQ2ViewController.swift in Sources */ = {isa = PBXBuildFile; fileRef = 98F115E4236D23380082A1B1 /* MoodQ2ViewController.swift */; };
		98F115E7236D23520082A1B1 /* MoodQ3ViewController.swift in Sources */ = {isa = PBXBuildFile; fileRef = 98F115E6236D23520082A1B1 /* MoodQ3ViewController.swift */; };
		98F115E9236D29B50082A1B1 /* MoodQ4ViewController.swift in Sources */ = {isa = PBXBuildFile; fileRef = 98F115E8236D29B50082A1B1 /* MoodQ4ViewController.swift */; };
		98F115EB236D2B770082A1B1 /* MoodQ5ViewController.swift in Sources */ = {isa = PBXBuildFile; fileRef = 98F115EA236D2B770082A1B1 /* MoodQ5ViewController.swift */; };
		98F6791D236E849900517099 /* ProfileViewController.swift in Sources */ = {isa = PBXBuildFile; fileRef = 98F6791C236E849900517099 /* ProfileViewController.swift */; };
		98F67921236E85AF00517099 /* Profile.storyboard in Resources */ = {isa = PBXBuildFile; fileRef = 98F67920236E85AF00517099 /* Profile.storyboard */; };
		9D627A0E236FD4240027B6B7 /* MedicationHomeViewController.swift in Sources */ = {isa = PBXBuildFile; fileRef = 9D627A0D236FD4240027B6B7 /* MedicationHomeViewController.swift */; };
		9D6C641C2378B50F00F0C058 /* Constants.swift in Sources */ = {isa = PBXBuildFile; fileRef = 9D6C641B2378B50F00F0C058 /* Constants.swift */; };
		9DE33C6E236F98BD00855C78 /* DatabaseTests.swift in Sources */ = {isa = PBXBuildFile; fileRef = 9DE33C6D236F98BD00855C78 /* DatabaseTests.swift */; };
		9DF3F8992367D826003CF8B9 /* AppDelegate.swift in Sources */ = {isa = PBXBuildFile; fileRef = 9DF3F8982367D826003CF8B9 /* AppDelegate.swift */; };
		9DF3F89B2367D826003CF8B9 /* LoginViewController.swift in Sources */ = {isa = PBXBuildFile; fileRef = 9DF3F89A2367D826003CF8B9 /* LoginViewController.swift */; };
		9DF3F8A32367D82D003CF8B9 /* LaunchScreen.storyboard in Resources */ = {isa = PBXBuildFile; fileRef = 9DF3F8A12367D82D003CF8B9 /* LaunchScreen.storyboard */; };
		9DF3F8AE2367D82D003CF8B9 /* UnHindrTests.swift in Sources */ = {isa = PBXBuildFile; fileRef = 9DF3F8AD2367D82D003CF8B9 /* UnHindrTests.swift */; };
		9DF3F8C72367D880003CF8B9 /* GoogleService-Info.plist in Resources */ = {isa = PBXBuildFile; fileRef = 9DF3F8C62367D880003CF8B9 /* GoogleService-Info.plist */; };
		9DFA139F2370F17D00F8B7B5 /* UnHindrUITests.swift in Sources */ = {isa = PBXBuildFile; fileRef = 9DF3F8B82367D82D003CF8B9 /* UnHindrUITests.swift */; };
		9DFB75B9236F74D0006321B8 /* Medication.storyboard in Resources */ = {isa = PBXBuildFile; fileRef = 9DFB75B7236F74CF006321B8 /* Medication.storyboard */; };
		9DFB75BD236F7515006321B8 /* MedicationViewController.swift in Sources */ = {isa = PBXBuildFile; fileRef = 9DFB75BB236F7515006321B8 /* MedicationViewController.swift */; };
		9DFB75C0236F7B15006321B8 /* Assets.xcassets in Resources */ = {isa = PBXBuildFile; fileRef = 9DFB75BF236F7B14006321B8 /* Assets.xcassets */; };
		9E04C08E238A1D5B0011A572 /* User.swift in Sources */ = {isa = PBXBuildFile; fileRef = 9E04C08D238A1D5B0011A572 /* User.swift */; };
		9E286A2F2382957600473055 /* MotorGameViewController.swift in Sources */ = {isa = PBXBuildFile; fileRef = 9E286A2B2382957600473055 /* MotorGameViewController.swift */; };
		9E286A302382957600473055 /* MotorGameScene.swift in Sources */ = {isa = PBXBuildFile; fileRef = 9E286A2C2382957600473055 /* MotorGameScene.swift */; };
		9E286A312382957600473055 /* MotorGame.storyboard in Resources */ = {isa = PBXBuildFile; fileRef = 9E286A2D2382957600473055 /* MotorGame.storyboard */; };
		9E286A322382957600473055 /* MotorGameScene.sks in Resources */ = {isa = PBXBuildFile; fileRef = 9E286A2E2382957600473055 /* MotorGameScene.sks */; };
		9E286A352382968A00473055 /* MotGameUITests.swift in Sources */ = {isa = PBXBuildFile; fileRef = 9E286A342382968A00473055 /* MotGameUITests.swift */; };
		9E4EAB32237E5E8400FC051B /* CaregiverHomeScreen.storyboard in Resources */ = {isa = PBXBuildFile; fileRef = 9E4EAB30237E5E8400FC051B /* CaregiverHomeScreen.storyboard */; };
		9E4EAB33237E5E8400FC051B /* ModeChoice.storyboard in Resources */ = {isa = PBXBuildFile; fileRef = 9E4EAB31237E5E8400FC051B /* ModeChoice.storyboard */; };
		9E4EAB35237E5FDE00FC051B /* ModeChoiceViewController.swift in Sources */ = {isa = PBXBuildFile; fileRef = 9E4EAB34237E5FDE00FC051B /* ModeChoiceViewController.swift */; };
		9E9138992380D5B5006AD1F9 /* Connect.storyboard in Resources */ = {isa = PBXBuildFile; fileRef = 9E9138982380D5B5006AD1F9 /* Connect.storyboard */; };
		9E91389C2380D6C5006AD1F9 /* ConnectViewController.swift in Sources */ = {isa = PBXBuildFile; fileRef = 9E91389B2380D6C5006AD1F9 /* ConnectViewController.swift */; };
		9EB086902393314000C6DDC0 /* Location.storyboard in Resources */ = {isa = PBXBuildFile; fileRef = 9EB0868F2393314000C6DDC0 /* Location.storyboard */; };
		9EB08695239332C800C6DDC0 /* LocationViewController.swift in Sources */ = {isa = PBXBuildFile; fileRef = 9EB08694239332C800C6DDC0 /* LocationViewController.swift */; };
		9EBEEDDB23935FDC0065DFEB /* CGLocation.storyboard in Resources */ = {isa = PBXBuildFile; fileRef = 9EBEEDDA23935FDC0065DFEB /* CGLocation.storyboard */; };
		9EBEEDDD2393602C0065DFEB /* CGLocationViewController.swift in Sources */ = {isa = PBXBuildFile; fileRef = 9EBEEDDC2393602C0065DFEB /* CGLocationViewController.swift */; };
		9EE42465237FA48C0067B2E3 /* CaregiverHomeScreenViewController.swift in Sources */ = {isa = PBXBuildFile; fileRef = 9EE42464237FA48C0067B2E3 /* CaregiverHomeScreenViewController.swift */; };
		A2B5644B1E4149E09D599F82 /* Pods_UnHindr.framework in Frameworks */ = {isa = PBXBuildFile; fileRef = F7EAE4472764465EE4B52BD6 /* Pods_UnHindr.framework */; };
		CD4A840D23932C6E00189605 /* EmergContactUITests.swift in Sources */ = {isa = PBXBuildFile; fileRef = CD4A840C23932C6E00189605 /* EmergContactUITests.swift */; };
		CDBC4013236E4FE8008934AF /* Settings.storyboard in Resources */ = {isa = PBXBuildFile; fileRef = CDBC4012236E4FE8008934AF /* Settings.storyboard */; };
		CDBC4016236E501B008934AF /* SettingsViewController.swift in Sources */ = {isa = PBXBuildFile; fileRef = CDBC4015236E501B008934AF /* SettingsViewController.swift */; };
		CDD946F4238B41C600A865D0 /* SignUpViewController.swift in Sources */ = {isa = PBXBuildFile; fileRef = CDD946F3238B41C600A865D0 /* SignUpViewController.swift */; };
		CDECEE9B2389D29D0074620D /* EmergencyContact.storyboard in Resources */ = {isa = PBXBuildFile; fileRef = CDECEE9A2389D29D0074620D /* EmergencyContact.storyboard */; };
		CDECEE9D2389D2CE0074620D /* EmergencyContactViewController.swift in Sources */ = {isa = PBXBuildFile; fileRef = CDECEE9C2389D2CE0074620D /* EmergencyContactViewController.swift */; };
/* End PBXBuildFile section */

/* Begin PBXContainerItemProxy section */
		9DF3F8AA2367D82D003CF8B9 /* PBXContainerItemProxy */ = {
			isa = PBXContainerItemProxy;
			containerPortal = 9DF3F88D2367D826003CF8B9 /* Project object */;
			proxyType = 1;
			remoteGlobalIDString = 9DF3F8942367D826003CF8B9;
			remoteInfo = UnHindr;
		};
		9DF3F8B52367D82D003CF8B9 /* PBXContainerItemProxy */ = {
			isa = PBXContainerItemProxy;
			containerPortal = 9DF3F88D2367D826003CF8B9 /* Project object */;
			proxyType = 1;
			remoteGlobalIDString = 9DF3F8942367D826003CF8B9;
			remoteInfo = UnHindr;
		};
/* End PBXContainerItemProxy section */

/* Begin PBXFileReference section */
		1470CE3451D5AB4F262D5392 /* Pods-UnHindr-UnHindrUITests.debug.xcconfig */ = {isa = PBXFileReference; includeInIndex = 1; lastKnownFileType = text.xcconfig; name = "Pods-UnHindr-UnHindrUITests.debug.xcconfig"; path = "Target Support Files/Pods-UnHindr-UnHindrUITests/Pods-UnHindr-UnHindrUITests.debug.xcconfig"; sourceTree = "<group>"; };
		2128337923938D4F00C661CA /* Patient.swift */ = {isa = PBXFileReference; lastKnownFileType = sourcecode.swift; path = Patient.swift; sourceTree = "<group>"; };
		215C15DB236F6E5F0063F3E4 /* WellnessTestHomeViewController.swift */ = {isa = PBXFileReference; lastKnownFileType = sourcecode.swift; path = WellnessTestHomeViewController.swift; sourceTree = "<group>"; };
		218FEDCE2394853200E8D932 /* SFU.gpx */ = {isa = PBXFileReference; fileEncoding = 4; lastKnownFileType = text.xml; path = SFU.gpx; sourceTree = "<group>"; };
		2D2E7E792393617900BC32A9 /* FullMedicationList.storyboard */ = {isa = PBXFileReference; lastKnownFileType = file.storyboard; path = FullMedicationList.storyboard; sourceTree = "<group>"; };
		2D5BBA762389E7B20074A202 /* FullMedicationViewController.swift */ = {isa = PBXFileReference; lastKnownFileType = sourcecode.swift; path = FullMedicationViewController.swift; sourceTree = "<group>"; };
		2D5BBA782389F4530074A202 /* MedicationTableViewCell.swift */ = {isa = PBXFileReference; lastKnownFileType = sourcecode.swift; path = MedicationTableViewCell.swift; sourceTree = "<group>"; };
		2D7A40E5238B316100958659 /* Medication.swift */ = {isa = PBXFileReference; lastKnownFileType = sourcecode.swift; path = Medication.swift; sourceTree = "<group>"; };
		2DA6698D2381EAA60050AE42 /* MedicationTests.swift */ = {isa = PBXFileReference; lastKnownFileType = sourcecode.swift; path = MedicationTests.swift; sourceTree = "<group>"; };
		2DD67103236BC4C5005948DF /* HomeScreenViewController.swift */ = {isa = PBXFileReference; lastKnownFileType = sourcecode.swift; path = HomeScreenViewController.swift; sourceTree = "<group>"; };
		2DD67108236BCD41005948DF /* Base */ = {isa = PBXFileReference; lastKnownFileType = file.storyboard; name = Base; path = Base.lproj/Login.storyboard; sourceTree = "<group>"; };
		2DD6710A236BCD41005948DF /* Base */ = {isa = PBXFileReference; lastKnownFileType = file.storyboard; name = Base; path = Base.lproj/HomeScreen.storyboard; sourceTree = "<group>"; };
		2DE6A77C236E402B00B76282 /* Services.swift */ = {isa = PBXFileReference; lastKnownFileType = sourcecode.swift; path = Services.swift; sourceTree = "<group>"; };
		4E98EBEE8A222DA52CA9D297 /* Pods_UnHindrTests.framework */ = {isa = PBXFileReference; explicitFileType = wrapper.framework; includeInIndex = 0; path = Pods_UnHindrTests.framework; sourceTree = BUILT_PRODUCTS_DIR; };
		60A7EE0DF36D68CB24C9574E /* Pods_UnHindr_UnHindrUITests.framework */ = {isa = PBXFileReference; explicitFileType = wrapper.framework; includeInIndex = 0; path = Pods_UnHindr_UnHindrUITests.framework; sourceTree = BUILT_PRODUCTS_DIR; };
		7013CBB82370D00E00A1231F /* ChartsViewController.swift */ = {isa = PBXFileReference; fileEncoding = 4; lastKnownFileType = sourcecode.swift; path = ChartsViewController.swift; sourceTree = "<group>"; };
		707E9F5923827EF0006A3AF5 /* MoodGraphs.storyboard */ = {isa = PBXFileReference; fileEncoding = 4; lastKnownFileType = file.storyboard; path = MoodGraphs.storyboard; sourceTree = "<group>"; };
		707E9F5A23827EF1006A3AF5 /* WellnessTestHome.storyboard */ = {isa = PBXFileReference; fileEncoding = 4; lastKnownFileType = file.storyboard; path = WellnessTestHome.storyboard; sourceTree = "<group>"; };
		707E9F5B23827EF1006A3AF5 /* WellnessGraphs.storyboard */ = {isa = PBXFileReference; fileEncoding = 4; lastKnownFileType = file.storyboard; path = WellnessGraphs.storyboard; sourceTree = "<group>"; };
		707E9F5C23827EF1006A3AF5 /* MotorGameGraph.storyboard */ = {isa = PBXFileReference; fileEncoding = 4; lastKnownFileType = file.storyboard; path = MotorGameGraph.storyboard; sourceTree = "<group>"; };
		707E9F5D23827EF2006A3AF5 /* CogGameGraphs.storyboard */ = {isa = PBXFileReference; fileEncoding = 4; lastKnownFileType = file.storyboard; path = CogGameGraphs.storyboard; sourceTree = "<group>"; };
		707E9F6323827F6A006A3AF5 /* CogGameMonthlyViewController.swift */ = {isa = PBXFileReference; fileEncoding = 4; lastKnownFileType = sourcecode.swift; path = CogGameMonthlyViewController.swift; sourceTree = "<group>"; };
		707E9F6423827F6A006A3AF5 /* CogGameGraphViewController.swift */ = {isa = PBXFileReference; fileEncoding = 4; lastKnownFileType = sourcecode.swift; path = CogGameGraphViewController.swift; sourceTree = "<group>"; };
		707E9F6623827F6B006A3AF5 /* cogYearlyGraphViewController.swift */ = {isa = PBXFileReference; fileEncoding = 4; lastKnownFileType = sourcecode.swift; path = cogYearlyGraphViewController.swift; sourceTree = "<group>"; };
		707E9F6B23827F76006A3AF5 /* MotorGameMonthlyViewController.swift */ = {isa = PBXFileReference; fileEncoding = 4; lastKnownFileType = sourcecode.swift; path = MotorGameMonthlyViewController.swift; sourceTree = "<group>"; };
		707E9F6C23827F76006A3AF5 /* MotorGameYearlyViewController.swift */ = {isa = PBXFileReference; fileEncoding = 4; lastKnownFileType = sourcecode.swift; path = MotorGameYearlyViewController.swift; sourceTree = "<group>"; };
		707E9F6D23827F76006A3AF5 /* MotorGameGraphViewController.swift */ = {isa = PBXFileReference; fileEncoding = 4; lastKnownFileType = sourcecode.swift; path = MotorGameGraphViewController.swift; sourceTree = "<group>"; };
		707E9F7123827F85006A3AF5 /* MonthMoodGraphViewController.swift */ = {isa = PBXFileReference; fileEncoding = 4; lastKnownFileType = sourcecode.swift; path = MonthMoodGraphViewController.swift; sourceTree = "<group>"; };
		707E9F7223827F85006A3AF5 /* MoodGraphsViewController.swift */ = {isa = PBXFileReference; fileEncoding = 4; lastKnownFileType = sourcecode.swift; path = MoodGraphsViewController.swift; sourceTree = "<group>"; };
		707E9F7323827F85006A3AF5 /* YearMoodGraphViewController.swift */ = {isa = PBXFileReference; fileEncoding = 4; lastKnownFileType = sourcecode.swift; path = YearMoodGraphViewController.swift; sourceTree = "<group>"; };
		70B46FAF2389E4B80088D1FD /* CaregiverMedicationScreen.storyboard */ = {isa = PBXFileReference; lastKnownFileType = file.storyboard; path = CaregiverMedicationScreen.storyboard; sourceTree = "<group>"; };
		70B46FB32389F2440088D1FD /* CaregiverPatientsViewController.swift */ = {isa = PBXFileReference; lastKnownFileType = sourcecode.swift; path = CaregiverPatientsViewController.swift; sourceTree = "<group>"; };
		70C1FCEA23887E0600BF1CC6 /* MonthMedChartViewController.swift */ = {isa = PBXFileReference; lastKnownFileType = sourcecode.swift; path = MonthMedChartViewController.swift; sourceTree = "<group>"; };
		70C1FCEE238884E700BF1CC6 /* YearMedChartViewController.swift */ = {isa = PBXFileReference; lastKnownFileType = sourcecode.swift; path = YearMedChartViewController.swift; sourceTree = "<group>"; };
		8176FAB2237B88D80083B445 /* CogGameViewController.swift */ = {isa = PBXFileReference; lastKnownFileType = sourcecode.swift; path = CogGameViewController.swift; sourceTree = "<group>"; };
		8176FAB4237B896B0083B445 /* CardModel.swift */ = {isa = PBXFileReference; lastKnownFileType = sourcecode.swift; path = CardModel.swift; sourceTree = "<group>"; };
		8176FAB6237B8A9C0083B445 /* Card.swift */ = {isa = PBXFileReference; lastKnownFileType = sourcecode.swift; path = Card.swift; sourceTree = "<group>"; };
		8176FAB8237B94FC0083B445 /* CardCollectionViewCell.swift */ = {isa = PBXFileReference; lastKnownFileType = sourcecode.swift; path = CardCollectionViewCell.swift; sourceTree = "<group>"; };
		817B5F6623889CB5009BF125 /* Chat.storyboard */ = {isa = PBXFileReference; lastKnownFileType = file.storyboard; path = Chat.storyboard; sourceTree = "<group>"; };
		817B5F6823889CE9009BF125 /* ChatViewController.swift */ = {isa = PBXFileReference; lastKnownFileType = sourcecode.swift; path = ChatViewController.swift; sourceTree = "<group>"; };
		817B5F6B2388A478009BF125 /* Message.swift */ = {isa = PBXFileReference; lastKnownFileType = sourcecode.swift; path = Message.swift; sourceTree = "<group>"; };
		817B5F6D2388C117009BF125 /* MessageCell.swift */ = {isa = PBXFileReference; lastKnownFileType = sourcecode.swift; path = MessageCell.swift; sourceTree = "<group>"; };
		817B5F6E2388C117009BF125 /* MessageCell.xib */ = {isa = PBXFileReference; lastKnownFileType = file.xib; path = MessageCell.xib; sourceTree = "<group>"; };
		81A7340B2381E0840069FE24 /* CogGameTest.swift */ = {isa = PBXFileReference; lastKnownFileType = sourcecode.swift; path = CogGameTest.swift; sourceTree = "<group>"; };
		81A7340D238200320069FE24 /* CogGameUITests.swift */ = {isa = PBXFileReference; lastKnownFileType = sourcecode.swift; path = CogGameUITests.swift; sourceTree = "<group>"; };
		81A7A802239492E7000129FB /* ChatUITests.swift */ = {isa = PBXFileReference; lastKnownFileType = sourcecode.swift; path = ChatUITests.swift; sourceTree = "<group>"; };
		81B5908D2378F8DD00BA49AF /* CogGame.storyboard */ = {isa = PBXFileReference; lastKnownFileType = file.storyboard; path = CogGame.storyboard; sourceTree = "<group>"; };
		81BDBD9B237F8E9B00F4C970 /* shuffle.wav */ = {isa = PBXFileReference; lastKnownFileType = audio.wav; path = shuffle.wav; sourceTree = "<group>"; };
		81BDBD9C237F8E9B00F4C970 /* dingcorrect.wav */ = {isa = PBXFileReference; lastKnownFileType = audio.wav; path = dingcorrect.wav; sourceTree = "<group>"; };
		81BDBD9D237F8E9C00F4C970 /* dingwrong.wav */ = {isa = PBXFileReference; lastKnownFileType = audio.wav; path = dingwrong.wav; sourceTree = "<group>"; };
		81BDBD9E237F8E9C00F4C970 /* cardflip.wav */ = {isa = PBXFileReference; lastKnownFileType = audio.wav; path = cardflip.wav; sourceTree = "<group>"; };
		81BDBDA3237F8F9000F4C970 /* AVFoundation.framework */ = {isa = PBXFileReference; lastKnownFileType = wrapper.framework; name = AVFoundation.framework; path = System/Library/Frameworks/AVFoundation.framework; sourceTree = SDKROOT; };
		81BDBDA5237F8FDB00F4C970 /* SoundManager.swift */ = {isa = PBXFileReference; lastKnownFileType = sourcecode.swift; path = SoundManager.swift; sourceTree = "<group>"; };
		81D15231238B5E6E00A762A7 /* IQKeyboardManagerSwift.framework */ = {isa = PBXFileReference; explicitFileType = wrapper.framework; path = IQKeyboardManagerSwift.framework; sourceTree = BUILT_PRODUCTS_DIR; };
		9500CD9CD9F0148DE44F8BF8 /* Pods-UnHindr.debug.xcconfig */ = {isa = PBXFileReference; includeInIndex = 1; lastKnownFileType = text.xcconfig; name = "Pods-UnHindr.debug.xcconfig"; path = "Target Support Files/Pods-UnHindr/Pods-UnHindr.debug.xcconfig"; sourceTree = "<group>"; };
		98F115D7236CCDF80082A1B1 /* Mood.storyboard */ = {isa = PBXFileReference; lastKnownFileType = file.storyboard; path = Mood.storyboard; sourceTree = "<group>"; };
		98F115D9236CCED00082A1B1 /* MoodViewController.swift */ = {isa = PBXFileReference; lastKnownFileType = sourcecode.swift; path = MoodViewController.swift; sourceTree = "<group>"; };
		98F115E4236D23380082A1B1 /* MoodQ2ViewController.swift */ = {isa = PBXFileReference; lastKnownFileType = sourcecode.swift; path = MoodQ2ViewController.swift; sourceTree = "<group>"; };
		98F115E6236D23520082A1B1 /* MoodQ3ViewController.swift */ = {isa = PBXFileReference; lastKnownFileType = sourcecode.swift; path = MoodQ3ViewController.swift; sourceTree = "<group>"; };
		98F115E8236D29B50082A1B1 /* MoodQ4ViewController.swift */ = {isa = PBXFileReference; lastKnownFileType = sourcecode.swift; path = MoodQ4ViewController.swift; sourceTree = "<group>"; };
		98F115EA236D2B770082A1B1 /* MoodQ5ViewController.swift */ = {isa = PBXFileReference; lastKnownFileType = sourcecode.swift; path = MoodQ5ViewController.swift; sourceTree = "<group>"; };
		98F6791C236E849900517099 /* ProfileViewController.swift */ = {isa = PBXFileReference; fileEncoding = 4; lastKnownFileType = sourcecode.swift; path = ProfileViewController.swift; sourceTree = "<group>"; };
		98F67920236E85AF00517099 /* Profile.storyboard */ = {isa = PBXFileReference; fileEncoding = 4; lastKnownFileType = file.storyboard; path = Profile.storyboard; sourceTree = "<group>"; };
		9CC98A083DBCA38C513B60AD /* Pods-UnHindr-UnHindrUITests.release.xcconfig */ = {isa = PBXFileReference; includeInIndex = 1; lastKnownFileType = text.xcconfig; name = "Pods-UnHindr-UnHindrUITests.release.xcconfig"; path = "Target Support Files/Pods-UnHindr-UnHindrUITests/Pods-UnHindr-UnHindrUITests.release.xcconfig"; sourceTree = "<group>"; };
		9D627A0D236FD4240027B6B7 /* MedicationHomeViewController.swift */ = {isa = PBXFileReference; fileEncoding = 4; lastKnownFileType = sourcecode.swift; path = MedicationHomeViewController.swift; sourceTree = "<group>"; };
		9D6C641B2378B50F00F0C058 /* Constants.swift */ = {isa = PBXFileReference; lastKnownFileType = sourcecode.swift; path = Constants.swift; sourceTree = "<group>"; };
		9DE33C6D236F98BD00855C78 /* DatabaseTests.swift */ = {isa = PBXFileReference; lastKnownFileType = sourcecode.swift; path = DatabaseTests.swift; sourceTree = "<group>"; };
		9DF3F8952367D826003CF8B9 /* UnHindr.app */ = {isa = PBXFileReference; explicitFileType = wrapper.application; includeInIndex = 0; path = UnHindr.app; sourceTree = BUILT_PRODUCTS_DIR; };
		9DF3F8982367D826003CF8B9 /* AppDelegate.swift */ = {isa = PBXFileReference; lastKnownFileType = sourcecode.swift; path = AppDelegate.swift; sourceTree = "<group>"; };
		9DF3F89A2367D826003CF8B9 /* LoginViewController.swift */ = {isa = PBXFileReference; lastKnownFileType = sourcecode.swift; path = LoginViewController.swift; sourceTree = "<group>"; };
		9DF3F8A22367D82D003CF8B9 /* Base */ = {isa = PBXFileReference; lastKnownFileType = file.storyboard; name = Base; path = Base.lproj/LaunchScreen.storyboard; sourceTree = "<group>"; };
		9DF3F8A42367D82D003CF8B9 /* Info.plist */ = {isa = PBXFileReference; lastKnownFileType = text.plist.xml; path = Info.plist; sourceTree = "<group>"; };
		9DF3F8A92367D82D003CF8B9 /* UnHindrTests.xctest */ = {isa = PBXFileReference; explicitFileType = wrapper.cfbundle; includeInIndex = 0; path = UnHindrTests.xctest; sourceTree = BUILT_PRODUCTS_DIR; };
		9DF3F8AD2367D82D003CF8B9 /* UnHindrTests.swift */ = {isa = PBXFileReference; lastKnownFileType = sourcecode.swift; path = UnHindrTests.swift; sourceTree = "<group>"; };
		9DF3F8AF2367D82D003CF8B9 /* Info.plist */ = {isa = PBXFileReference; lastKnownFileType = text.plist.xml; path = Info.plist; sourceTree = "<group>"; };
		9DF3F8B42367D82D003CF8B9 /* UnHindrUITests.xctest */ = {isa = PBXFileReference; explicitFileType = wrapper.cfbundle; includeInIndex = 0; path = UnHindrUITests.xctest; sourceTree = BUILT_PRODUCTS_DIR; };
		9DF3F8B82367D82D003CF8B9 /* UnHindrUITests.swift */ = {isa = PBXFileReference; lastKnownFileType = sourcecode.swift; path = UnHindrUITests.swift; sourceTree = "<group>"; };
		9DF3F8BA2367D82D003CF8B9 /* Info.plist */ = {isa = PBXFileReference; lastKnownFileType = text.plist.xml; path = Info.plist; sourceTree = "<group>"; };
		9DF3F8C62367D880003CF8B9 /* GoogleService-Info.plist */ = {isa = PBXFileReference; fileEncoding = 4; lastKnownFileType = text.plist.xml; path = "GoogleService-Info.plist"; sourceTree = "<group>"; };
		9DFB75B8236F74CF006321B8 /* Base */ = {isa = PBXFileReference; lastKnownFileType = file.storyboard; name = Base; path = Base.lproj/Medication.storyboard; sourceTree = "<group>"; };
		9DFB75BB236F7515006321B8 /* MedicationViewController.swift */ = {isa = PBXFileReference; fileEncoding = 4; lastKnownFileType = sourcecode.swift; path = MedicationViewController.swift; sourceTree = "<group>"; };
		9DFB75BF236F7B14006321B8 /* Assets.xcassets */ = {isa = PBXFileReference; lastKnownFileType = folder.assetcatalog; path = Assets.xcassets; sourceTree = "<group>"; };
		9E04C08D238A1D5B0011A572 /* User.swift */ = {isa = PBXFileReference; lastKnownFileType = sourcecode.swift; path = User.swift; sourceTree = "<group>"; };
		9E286A2B2382957600473055 /* MotorGameViewController.swift */ = {isa = PBXFileReference; fileEncoding = 4; lastKnownFileType = sourcecode.swift; path = MotorGameViewController.swift; sourceTree = "<group>"; };
		9E286A2C2382957600473055 /* MotorGameScene.swift */ = {isa = PBXFileReference; fileEncoding = 4; lastKnownFileType = sourcecode.swift; path = MotorGameScene.swift; sourceTree = "<group>"; };
		9E286A2D2382957600473055 /* MotorGame.storyboard */ = {isa = PBXFileReference; fileEncoding = 4; lastKnownFileType = file.storyboard; path = MotorGame.storyboard; sourceTree = "<group>"; };
		9E286A2E2382957600473055 /* MotorGameScene.sks */ = {isa = PBXFileReference; lastKnownFileType = file.sks; path = MotorGameScene.sks; sourceTree = "<group>"; };
		9E286A342382968A00473055 /* MotGameUITests.swift */ = {isa = PBXFileReference; fileEncoding = 4; lastKnownFileType = sourcecode.swift; path = MotGameUITests.swift; sourceTree = "<group>"; };
		9E4EAB30237E5E8400FC051B /* CaregiverHomeScreen.storyboard */ = {isa = PBXFileReference; fileEncoding = 4; lastKnownFileType = file.storyboard; path = CaregiverHomeScreen.storyboard; sourceTree = "<group>"; };
		9E4EAB31237E5E8400FC051B /* ModeChoice.storyboard */ = {isa = PBXFileReference; fileEncoding = 4; lastKnownFileType = file.storyboard; path = ModeChoice.storyboard; sourceTree = "<group>"; };
		9E4EAB34237E5FDE00FC051B /* ModeChoiceViewController.swift */ = {isa = PBXFileReference; lastKnownFileType = sourcecode.swift; path = ModeChoiceViewController.swift; sourceTree = "<group>"; };
		9E9138982380D5B5006AD1F9 /* Connect.storyboard */ = {isa = PBXFileReference; fileEncoding = 4; lastKnownFileType = file.storyboard; path = Connect.storyboard; sourceTree = "<group>"; };
		9E91389B2380D6C5006AD1F9 /* ConnectViewController.swift */ = {isa = PBXFileReference; lastKnownFileType = sourcecode.swift; path = ConnectViewController.swift; sourceTree = "<group>"; };
		9EB0868F2393314000C6DDC0 /* Location.storyboard */ = {isa = PBXFileReference; fileEncoding = 4; lastKnownFileType = file.storyboard; path = Location.storyboard; sourceTree = "<group>"; };
		9EB08694239332C800C6DDC0 /* LocationViewController.swift */ = {isa = PBXFileReference; fileEncoding = 4; lastKnownFileType = sourcecode.swift; path = LocationViewController.swift; sourceTree = "<group>"; };
		9EBEEDDA23935FDC0065DFEB /* CGLocation.storyboard */ = {isa = PBXFileReference; lastKnownFileType = file.storyboard; path = CGLocation.storyboard; sourceTree = "<group>"; };
		9EBEEDDC2393602C0065DFEB /* CGLocationViewController.swift */ = {isa = PBXFileReference; lastKnownFileType = sourcecode.swift; path = CGLocationViewController.swift; sourceTree = "<group>"; };
		9EE42464237FA48C0067B2E3 /* CaregiverHomeScreenViewController.swift */ = {isa = PBXFileReference; lastKnownFileType = sourcecode.swift; path = CaregiverHomeScreenViewController.swift; sourceTree = "<group>"; };
		CD4A840C23932C6E00189605 /* EmergContactUITests.swift */ = {isa = PBXFileReference; lastKnownFileType = sourcecode.swift; path = EmergContactUITests.swift; sourceTree = "<group>"; };
		CDBC4012236E4FE8008934AF /* Settings.storyboard */ = {isa = PBXFileReference; lastKnownFileType = file.storyboard; path = Settings.storyboard; sourceTree = "<group>"; };
		CDBC4015236E501B008934AF /* SettingsViewController.swift */ = {isa = PBXFileReference; lastKnownFileType = sourcecode.swift; path = SettingsViewController.swift; sourceTree = "<group>"; };
		CDD946F3238B41C600A865D0 /* SignUpViewController.swift */ = {isa = PBXFileReference; fileEncoding = 4; lastKnownFileType = sourcecode.swift; path = SignUpViewController.swift; sourceTree = "<group>"; };
		CDECEE9A2389D29D0074620D /* EmergencyContact.storyboard */ = {isa = PBXFileReference; lastKnownFileType = file.storyboard; path = EmergencyContact.storyboard; sourceTree = "<group>"; };
		CDECEE9C2389D2CE0074620D /* EmergencyContactViewController.swift */ = {isa = PBXFileReference; lastKnownFileType = sourcecode.swift; path = EmergencyContactViewController.swift; sourceTree = "<group>"; };
		D63F99425B3E2EFCA5604695 /* Pods-UnHindrTests.debug.xcconfig */ = {isa = PBXFileReference; includeInIndex = 1; lastKnownFileType = text.xcconfig; name = "Pods-UnHindrTests.debug.xcconfig"; path = "Target Support Files/Pods-UnHindrTests/Pods-UnHindrTests.debug.xcconfig"; sourceTree = "<group>"; };
		DED04B884E18297F4A8774D1 /* Pods-UnHindrTests.release.xcconfig */ = {isa = PBXFileReference; includeInIndex = 1; lastKnownFileType = text.xcconfig; name = "Pods-UnHindrTests.release.xcconfig"; path = "Target Support Files/Pods-UnHindrTests/Pods-UnHindrTests.release.xcconfig"; sourceTree = "<group>"; };
		DFCCB05E78CA6EE40144300E /* Pods-UnHindr.release.xcconfig */ = {isa = PBXFileReference; includeInIndex = 1; lastKnownFileType = text.xcconfig; name = "Pods-UnHindr.release.xcconfig"; path = "Target Support Files/Pods-UnHindr/Pods-UnHindr.release.xcconfig"; sourceTree = "<group>"; };
		F7EAE4472764465EE4B52BD6 /* Pods_UnHindr.framework */ = {isa = PBXFileReference; explicitFileType = wrapper.framework; includeInIndex = 0; path = Pods_UnHindr.framework; sourceTree = BUILT_PRODUCTS_DIR; };
/* End PBXFileReference section */

/* Begin PBXFrameworksBuildPhase section */
		9DF3F8922367D826003CF8B9 /* Frameworks */ = {
			isa = PBXFrameworksBuildPhase;
			buildActionMask = 2147483647;
			files = (
				81D15232238B5E6E00A762A7 /* IQKeyboardManagerSwift.framework in Frameworks */,
				81BDBDA4237F8F9000F4C970 /* AVFoundation.framework in Frameworks */,
				A2B5644B1E4149E09D599F82 /* Pods_UnHindr.framework in Frameworks */,
			);
			runOnlyForDeploymentPostprocessing = 0;
		};
		9DF3F8A62367D82D003CF8B9 /* Frameworks */ = {
			isa = PBXFrameworksBuildPhase;
			buildActionMask = 2147483647;
			files = (
				185E08EB515929A3C41DCA06 /* Pods_UnHindrTests.framework in Frameworks */,
			);
			runOnlyForDeploymentPostprocessing = 0;
		};
		9DF3F8B12367D82D003CF8B9 /* Frameworks */ = {
			isa = PBXFrameworksBuildPhase;
			buildActionMask = 2147483647;
			files = (
				917005C6FF22DCC60112BF31 /* Pods_UnHindr_UnHindrUITests.framework in Frameworks */,
			);
			runOnlyForDeploymentPostprocessing = 0;
		};
/* End PBXFrameworksBuildPhase section */

/* Begin PBXGroup section */
		215C15DD236F73610063F3E4 /* WellnessTestHome */ = {
			isa = PBXGroup;
			children = (
				215C15DB236F6E5F0063F3E4 /* WellnessTestHomeViewController.swift */,
			);
			path = WellnessTestHome;
			sourceTree = "<group>";
		};
		2DD670FC236BBF79005948DF /* ViewControllers */ = {
			isa = PBXGroup;
			children = (
				9EB086932393329600C6DDC0 /* Location */,
				9E286A36238299FF00473055 /* MotorGameGraphs */,
				9E286A33238295F800473055 /* MotorGame */,
				9E91389A2380D6B6006AD1F9 /* Connect */,
				9E4EAB36237E5FE400FC051B /* ModeChoice */,
				215C15DD236F73610063F3E4 /* WellnessTestHome */,
				9DFB75BA236F7515006321B8 /* Medication */,
				98F6791B236E847600517099 /* Profile */,
				CDBC4014236E4FF2008934AF /* Settings */,
				98F115E3236D22F90082A1B1 /* Mood */,
				9DF3F89A2367D826003CF8B9 /* LoginViewController.swift */,
				2DD67103236BC4C5005948DF /* HomeScreenViewController.swift */,
				9EE42464237FA48C0067B2E3 /* CaregiverHomeScreenViewController.swift */,
				CDECEE9C2389D2CE0074620D /* EmergencyContactViewController.swift */,
			);
			path = ViewControllers;
			sourceTree = "<group>";
		};
		2DE6A77B236E400A00B76282 /* Helpers */ = {
			isa = PBXGroup;
			children = (
				2DE6A77C236E402B00B76282 /* Services.swift */,
				9D6C641B2378B50F00F0C058 /* Constants.swift */,
			);
			path = Helpers;
			sourceTree = "<group>";
		};
		637501236AFF794AA0B0DF59 /* Pods */ = {
			isa = PBXGroup;
			children = (
				9500CD9CD9F0148DE44F8BF8 /* Pods-UnHindr.debug.xcconfig */,
				DFCCB05E78CA6EE40144300E /* Pods-UnHindr.release.xcconfig */,
				1470CE3451D5AB4F262D5392 /* Pods-UnHindr-UnHindrUITests.debug.xcconfig */,
				9CC98A083DBCA38C513B60AD /* Pods-UnHindr-UnHindrUITests.release.xcconfig */,
				D63F99425B3E2EFCA5604695 /* Pods-UnHindrTests.debug.xcconfig */,
				DED04B884E18297F4A8774D1 /* Pods-UnHindrTests.release.xcconfig */,
			);
			path = Pods;
			sourceTree = "<group>";
		};
		7AC9719345D1AB48A6CAA879 /* Frameworks */ = {
			isa = PBXGroup;
			children = (
				81D15231238B5E6E00A762A7 /* IQKeyboardManagerSwift.framework */,
				81BDBDA3237F8F9000F4C970 /* AVFoundation.framework */,
				F7EAE4472764465EE4B52BD6 /* Pods_UnHindr.framework */,
				60A7EE0DF36D68CB24C9574E /* Pods_UnHindr_UnHindrUITests.framework */,
				4E98EBEE8A222DA52CA9D297 /* Pods_UnHindrTests.framework */,
			);
			name = Frameworks;
			sourceTree = "<group>";
		};
		817B5F6A2388A010009BF125 /* Chat */ = {
			isa = PBXGroup;
			children = (
				817B5F6623889CB5009BF125 /* Chat.storyboard */,
				817B5F6823889CE9009BF125 /* ChatViewController.swift */,
				817B5F6B2388A478009BF125 /* Message.swift */,
				817B5F6D2388C117009BF125 /* MessageCell.swift */,
				817B5F6E2388C117009BF125 /* MessageCell.xib */,
			);
			path = Chat;
			sourceTree = "<group>";
		};
		81B590912378F8F900BA49AF /* CogGame */ = {
			isa = PBXGroup;
			children = (
				707E9F6423827F6A006A3AF5 /* CogGameGraphViewController.swift */,
				707E9F6323827F6A006A3AF5 /* CogGameMonthlyViewController.swift */,
				707E9F6623827F6B006A3AF5 /* cogYearlyGraphViewController.swift */,
				81BDBD9A237F8E4600F4C970 /* Sounds */,
				81B5908D2378F8DD00BA49AF /* CogGame.storyboard */,
				8176FAB2237B88D80083B445 /* CogGameViewController.swift */,
				8176FAB4237B896B0083B445 /* CardModel.swift */,
				8176FAB6237B8A9C0083B445 /* Card.swift */,
				8176FAB8237B94FC0083B445 /* CardCollectionViewCell.swift */,
				81BDBDA5237F8FDB00F4C970 /* SoundManager.swift */,
			);
			path = CogGame;
			sourceTree = "<group>";
		};
		81BDBD9A237F8E4600F4C970 /* Sounds */ = {
			isa = PBXGroup;
			children = (
				81BDBD9E237F8E9C00F4C970 /* cardflip.wav */,
				81BDBD9C237F8E9B00F4C970 /* dingcorrect.wav */,
				81BDBD9D237F8E9C00F4C970 /* dingwrong.wav */,
				81BDBD9B237F8E9B00F4C970 /* shuffle.wav */,
			);
			path = Sounds;
			sourceTree = "<group>";
		};
		98F115E3236D22F90082A1B1 /* Mood */ = {
			isa = PBXGroup;
			children = (
				707E9F7123827F85006A3AF5 /* MonthMoodGraphViewController.swift */,
				707E9F7223827F85006A3AF5 /* MoodGraphsViewController.swift */,
				707E9F7323827F85006A3AF5 /* YearMoodGraphViewController.swift */,
				98F115D9236CCED00082A1B1 /* MoodViewController.swift */,
				98F115E4236D23380082A1B1 /* MoodQ2ViewController.swift */,
				98F115E6236D23520082A1B1 /* MoodQ3ViewController.swift */,
				98F115E8236D29B50082A1B1 /* MoodQ4ViewController.swift */,
				98F115EA236D2B770082A1B1 /* MoodQ5ViewController.swift */,
			);
			path = Mood;
			sourceTree = "<group>";
		};
		98F6791B236E847600517099 /* Profile */ = {
			isa = PBXGroup;
			children = (
				98F6791C236E849900517099 /* ProfileViewController.swift */,
			);
			name = Profile;
			path = "New Group";
			sourceTree = "<group>";
		};
		9DF3F88C2367D826003CF8B9 = {
			isa = PBXGroup;
			children = (
				9DF3F8972367D826003CF8B9 /* UnHindr */,
				9DF3F8AC2367D82D003CF8B9 /* UnHindrTests */,
				9DF3F8B72367D82D003CF8B9 /* UnHindrUITests */,
				9DF3F8962367D826003CF8B9 /* Products */,
				637501236AFF794AA0B0DF59 /* Pods */,
				7AC9719345D1AB48A6CAA879 /* Frameworks */,
			);
			sourceTree = "<group>";
		};
		9DF3F8962367D826003CF8B9 /* Products */ = {
			isa = PBXGroup;
			children = (
				9DF3F8952367D826003CF8B9 /* UnHindr.app */,
				9DF3F8A92367D82D003CF8B9 /* UnHindrTests.xctest */,
				9DF3F8B42367D82D003CF8B9 /* UnHindrUITests.xctest */,
			);
			name = Products;
			sourceTree = "<group>";
		};
		9DF3F8972367D826003CF8B9 /* UnHindr */ = {
			isa = PBXGroup;
			children = (
				218FEDCE2394853200E8D932 /* SFU.gpx */,
				9EB0868F2393314000C6DDC0 /* Location.storyboard */,
				9EBEEDDA23935FDC0065DFEB /* CGLocation.storyboard */,
				817B5F6A2388A010009BF125 /* Chat */,
				9E286A2D2382957600473055 /* MotorGame.storyboard */,
				707E9F5D23827EF2006A3AF5 /* CogGameGraphs.storyboard */,
				707E9F5923827EF0006A3AF5 /* MoodGraphs.storyboard */,
				707E9F5C23827EF1006A3AF5 /* MotorGameGraph.storyboard */,
				707E9F5B23827EF1006A3AF5 /* WellnessGraphs.storyboard */,
				707E9F5A23827EF1006A3AF5 /* WellnessTestHome.storyboard */,
				2DE6A77B236E400A00B76282 /* Helpers */,
				81B590912378F8F900BA49AF /* CogGame */,
				9DFB75BF236F7B14006321B8 /* Assets.xcassets */,
				2DD670FC236BBF79005948DF /* ViewControllers */,
				9DF3F8982367D826003CF8B9 /* AppDelegate.swift */,
				9DFB75B7236F74CF006321B8 /* Medication.storyboard */,
				98F115D7236CCDF80082A1B1 /* Mood.storyboard */,
				98F67920236E85AF00517099 /* Profile.storyboard */,
				2DD67107236BCD41005948DF /* Login.storyboard */,
				2DD67109236BCD41005948DF /* HomeScreen.storyboard */,
				9E4EAB30237E5E8400FC051B /* CaregiverHomeScreen.storyboard */,
				70B46FAF2389E4B80088D1FD /* CaregiverMedicationScreen.storyboard */,
				70B46FB32389F2440088D1FD /* CaregiverPatientsViewController.swift */,
				9DF3F8A12367D82D003CF8B9 /* LaunchScreen.storyboard */,
				CDBC4012236E4FE8008934AF /* Settings.storyboard */,
				9E4EAB31237E5E8400FC051B /* ModeChoice.storyboard */,
				9E9138982380D5B5006AD1F9 /* Connect.storyboard */,
				9DF3F8C62367D880003CF8B9 /* GoogleService-Info.plist */,
				9DF3F8A42367D82D003CF8B9 /* Info.plist */,
				CDECEE9A2389D29D0074620D /* EmergencyContact.storyboard */,
			);
			path = UnHindr;
			sourceTree = "<group>";
		};
		9DF3F8AC2367D82D003CF8B9 /* UnHindrTests */ = {
			isa = PBXGroup;
			children = (
				9DF3F8AD2367D82D003CF8B9 /* UnHindrTests.swift */,
				9DF3F8AF2367D82D003CF8B9 /* Info.plist */,
				9DE33C6D236F98BD00855C78 /* DatabaseTests.swift */,
				81A7340B2381E0840069FE24 /* CogGameTest.swift */,
				2DA6698D2381EAA60050AE42 /* MedicationTests.swift */,
			);
			path = UnHindrTests;
			sourceTree = "<group>";
		};
		9DF3F8B72367D82D003CF8B9 /* UnHindrUITests */ = {
			isa = PBXGroup;
			children = (
				9E286A342382968A00473055 /* MotGameUITests.swift */,
				9DF3F8B82367D82D003CF8B9 /* UnHindrUITests.swift */,
				9DF3F8BA2367D82D003CF8B9 /* Info.plist */,
				81A7340D238200320069FE24 /* CogGameUITests.swift */,
				CD4A840C23932C6E00189605 /* EmergContactUITests.swift */,
				81A7A802239492E7000129FB /* ChatUITests.swift */,
			);
			path = UnHindrUITests;
			sourceTree = "<group>";
		};
		9DFB75BA236F7515006321B8 /* Medication */ = {
			isa = PBXGroup;
			children = (
				7013CBB82370D00E00A1231F /* ChartsViewController.swift */,
				70C1FCEA23887E0600BF1CC6 /* MonthMedChartViewController.swift */,
				9D627A0D236FD4240027B6B7 /* MedicationHomeViewController.swift */,
				9DFB75BB236F7515006321B8 /* MedicationViewController.swift */,
				2D5BBA762389E7B20074A202 /* FullMedicationViewController.swift */,
				2D5BBA782389F4530074A202 /* MedicationTableViewCell.swift */,
				2D7A40E5238B316100958659 /* Medication.swift */,
				2D2E7E792393617900BC32A9 /* FullMedicationList.storyboard */,
				70C1FCEE238884E700BF1CC6 /* YearMedChartViewController.swift */,
			);
			path = Medication;
			sourceTree = "<group>";
		};
		9E286A33238295F800473055 /* MotorGame */ = {
			isa = PBXGroup;
			children = (
				9E286A2E2382957600473055 /* MotorGameScene.sks */,
				9E286A2C2382957600473055 /* MotorGameScene.swift */,
				9E286A2B2382957600473055 /* MotorGameViewController.swift */,
			);
			path = MotorGame;
			sourceTree = "<group>";
		};
		9E286A36238299FF00473055 /* MotorGameGraphs */ = {
			isa = PBXGroup;
			children = (
				707E9F6D23827F76006A3AF5 /* MotorGameGraphViewController.swift */,
				707E9F6B23827F76006A3AF5 /* MotorGameMonthlyViewController.swift */,
				707E9F6C23827F76006A3AF5 /* MotorGameYearlyViewController.swift */,
			);
			path = MotorGameGraphs;
			sourceTree = "<group>";
		};
		9E4EAB36237E5FE400FC051B /* ModeChoice */ = {
			isa = PBXGroup;
			children = (
				CDD946F3238B41C600A865D0 /* SignUpViewController.swift */,
				9E4EAB34237E5FDE00FC051B /* ModeChoiceViewController.swift */,
				9E04C08D238A1D5B0011A572 /* User.swift */,
			);
			path = ModeChoice;
			sourceTree = "<group>";
		};
		9E91389A2380D6B6006AD1F9 /* Connect */ = {
			isa = PBXGroup;
			children = (
				9E91389B2380D6C5006AD1F9 /* ConnectViewController.swift */,
			);
			path = Connect;
			sourceTree = "<group>";
		};
		9EB086932393329600C6DDC0 /* Location */ = {
			isa = PBXGroup;
			children = (
				9EB08694239332C800C6DDC0 /* LocationViewController.swift */,
				9EBEEDDC2393602C0065DFEB /* CGLocationViewController.swift */,
				2128337923938D4F00C661CA /* Patient.swift */,
			);
			path = Location;
			sourceTree = "<group>";
		};
		CDBC4014236E4FF2008934AF /* Settings */ = {
			isa = PBXGroup;
			children = (
				CDBC4015236E501B008934AF /* SettingsViewController.swift */,
			);
			path = Settings;
			sourceTree = "<group>";
		};
/* End PBXGroup section */

/* Begin PBXNativeTarget section */
		9DF3F8942367D826003CF8B9 /* UnHindr */ = {
			isa = PBXNativeTarget;
			buildConfigurationList = 9DF3F8BD2367D82D003CF8B9 /* Build configuration list for PBXNativeTarget "UnHindr" */;
			buildPhases = (
				5976294022D0B8BD2946566F /* [CP] Check Pods Manifest.lock */,
				9DF3F8912367D826003CF8B9 /* Sources */,
				9DF3F8922367D826003CF8B9 /* Frameworks */,
				9DF3F8932367D826003CF8B9 /* Resources */,
				BE24F3F8FD8A4261C836FBA1 /* [CP] Embed Pods Frameworks */,
			);
			buildRules = (
			);
			dependencies = (
			);
			name = UnHindr;
			productName = UnHindr;
			productReference = 9DF3F8952367D826003CF8B9 /* UnHindr.app */;
			productType = "com.apple.product-type.application";
		};
		9DF3F8A82367D82D003CF8B9 /* UnHindrTests */ = {
			isa = PBXNativeTarget;
			buildConfigurationList = 9DF3F8C02367D82D003CF8B9 /* Build configuration list for PBXNativeTarget "UnHindrTests" */;
			buildPhases = (
				2D6A9655BEAD304B5F630D8E /* [CP] Check Pods Manifest.lock */,
				9DF3F8A52367D82D003CF8B9 /* Sources */,
				9DF3F8A62367D82D003CF8B9 /* Frameworks */,
				9DF3F8A72367D82D003CF8B9 /* Resources */,
			);
			buildRules = (
			);
			dependencies = (
				9DF3F8AB2367D82D003CF8B9 /* PBXTargetDependency */,
			);
			name = UnHindrTests;
			productName = UnHindrTests;
			productReference = 9DF3F8A92367D82D003CF8B9 /* UnHindrTests.xctest */;
			productType = "com.apple.product-type.bundle.unit-test";
		};
		9DF3F8B32367D82D003CF8B9 /* UnHindrUITests */ = {
			isa = PBXNativeTarget;
			buildConfigurationList = 9DF3F8C32367D82D003CF8B9 /* Build configuration list for PBXNativeTarget "UnHindrUITests" */;
			buildPhases = (
				61EB77E40ECD793626253C3D /* [CP] Check Pods Manifest.lock */,
				9DF3F8B02367D82D003CF8B9 /* Sources */,
				9DF3F8B12367D82D003CF8B9 /* Frameworks */,
				9DF3F8B22367D82D003CF8B9 /* Resources */,
				81A0A1073AECDD9583E11826 /* [CP] Embed Pods Frameworks */,
			);
			buildRules = (
			);
			dependencies = (
				9DF3F8B62367D82D003CF8B9 /* PBXTargetDependency */,
			);
			name = UnHindrUITests;
			productName = UnHindrUITests;
			productReference = 9DF3F8B42367D82D003CF8B9 /* UnHindrUITests.xctest */;
			productType = "com.apple.product-type.bundle.ui-testing";
		};
/* End PBXNativeTarget section */

/* Begin PBXProject section */
		9DF3F88D2367D826003CF8B9 /* Project object */ = {
			isa = PBXProject;
			attributes = {
				LastSwiftUpdateCheck = 1010;
				LastUpgradeCheck = 1010;
				ORGANIZATIONNAME = Sigma;
				TargetAttributes = {
					9DF3F8942367D826003CF8B9 = {
						CreatedOnToolsVersion = 10.1;
					};
					9DF3F8A82367D82D003CF8B9 = {
						CreatedOnToolsVersion = 10.1;
						TestTargetID = 9DF3F8942367D826003CF8B9;
					};
					9DF3F8B32367D82D003CF8B9 = {
						CreatedOnToolsVersion = 10.1;
						TestTargetID = 9DF3F8942367D826003CF8B9;
					};
				};
			};
			buildConfigurationList = 9DF3F8902367D826003CF8B9 /* Build configuration list for PBXProject "UnHindr" */;
			compatibilityVersion = "Xcode 10.0";
			developmentRegion = en;
			hasScannedForEncodings = 0;
			knownRegions = (
				en,
				Base,
			);
			mainGroup = 9DF3F88C2367D826003CF8B9;
			productRefGroup = 9DF3F8962367D826003CF8B9 /* Products */;
			projectDirPath = "";
			projectRoot = "";
			targets = (
				9DF3F8942367D826003CF8B9 /* UnHindr */,
				9DF3F8A82367D82D003CF8B9 /* UnHindrTests */,
				9DF3F8B32367D82D003CF8B9 /* UnHindrUITests */,
			);
		};
/* End PBXProject section */

/* Begin PBXResourcesBuildPhase section */
		9DF3F8932367D826003CF8B9 /* Resources */ = {
			isa = PBXResourcesBuildPhase;
			buildActionMask = 2147483647;
			files = (
				81BDBD9F237F8E9C00F4C970 /* shuffle.wav in Resources */,
				98F67921236E85AF00517099 /* Profile.storyboard in Resources */,
				2DD6710C236BCD41005948DF /* HomeScreen.storyboard in Resources */,
				817B5F702388C117009BF125 /* MessageCell.xib in Resources */,
				98F115D8236CCDF80082A1B1 /* Mood.storyboard in Resources */,
				81BDBDA0237F8E9C00F4C970 /* dingcorrect.wav in Resources */,
				2DD6710B236BCD41005948DF /* Login.storyboard in Resources */,
				707E9F5E23827EF2006A3AF5 /* MoodGraphs.storyboard in Resources */,
				9DFB75C0236F7B15006321B8 /* Assets.xcassets in Resources */,
				707E9F6123827EF2006A3AF5 /* MotorGameGraph.storyboard in Resources */,
				81B5908E2378F8DD00BA49AF /* CogGame.storyboard in Resources */,
				9EB086902393314000C6DDC0 /* Location.storyboard in Resources */,
				81BDBDA1237F8E9C00F4C970 /* dingwrong.wav in Resources */,
				707E9F6223827EF2006A3AF5 /* CogGameGraphs.storyboard in Resources */,
				707E9F6023827EF2006A3AF5 /* WellnessGraphs.storyboard in Resources */,
				817B5F6723889CB5009BF125 /* Chat.storyboard in Resources */,
				9E286A312382957600473055 /* MotorGame.storyboard in Resources */,
				9DF3F8A32367D82D003CF8B9 /* LaunchScreen.storyboard in Resources */,
				218FEDCF2394853300E8D932 /* SFU.gpx in Resources */,
				9DF3F8C72367D880003CF8B9 /* GoogleService-Info.plist in Resources */,
				9E4EAB33237E5E8400FC051B /* ModeChoice.storyboard in Resources */,
				70B46FB02389E4B80088D1FD /* CaregiverMedicationScreen.storyboard in Resources */,
				CDBC4013236E4FE8008934AF /* Settings.storyboard in Resources */,
				9E286A322382957600473055 /* MotorGameScene.sks in Resources */,
				9EBEEDDB23935FDC0065DFEB /* CGLocation.storyboard in Resources */,
				2D2E7E7A2393617900BC32A9 /* FullMedicationList.storyboard in Resources */,
				9DFB75B9236F74D0006321B8 /* Medication.storyboard in Resources */,
				CDECEE9B2389D29D0074620D /* EmergencyContact.storyboard in Resources */,
				9E9138992380D5B5006AD1F9 /* Connect.storyboard in Resources */,
				707E9F5F23827EF2006A3AF5 /* WellnessTestHome.storyboard in Resources */,
				81BDBDA2237F8E9C00F4C970 /* cardflip.wav in Resources */,
				9E4EAB32237E5E8400FC051B /* CaregiverHomeScreen.storyboard in Resources */,
			);
			runOnlyForDeploymentPostprocessing = 0;
		};
		9DF3F8A72367D82D003CF8B9 /* Resources */ = {
			isa = PBXResourcesBuildPhase;
			buildActionMask = 2147483647;
			files = (
			);
			runOnlyForDeploymentPostprocessing = 0;
		};
		9DF3F8B22367D82D003CF8B9 /* Resources */ = {
			isa = PBXResourcesBuildPhase;
			buildActionMask = 2147483647;
			files = (
			);
			runOnlyForDeploymentPostprocessing = 0;
		};
/* End PBXResourcesBuildPhase section */

/* Begin PBXShellScriptBuildPhase section */
		2D6A9655BEAD304B5F630D8E /* [CP] Check Pods Manifest.lock */ = {
			isa = PBXShellScriptBuildPhase;
			buildActionMask = 2147483647;
			files = (
			);
			inputFileListPaths = (
			);
			inputPaths = (
				"${PODS_PODFILE_DIR_PATH}/Podfile.lock",
				"${PODS_ROOT}/Manifest.lock",
			);
			name = "[CP] Check Pods Manifest.lock";
			outputFileListPaths = (
			);
			outputPaths = (
				"$(DERIVED_FILE_DIR)/Pods-UnHindrTests-checkManifestLockResult.txt",
			);
			runOnlyForDeploymentPostprocessing = 0;
			shellPath = /bin/sh;
			shellScript = "diff \"${PODS_PODFILE_DIR_PATH}/Podfile.lock\" \"${PODS_ROOT}/Manifest.lock\" > /dev/null\nif [ $? != 0 ] ; then\n    # print error to STDERR\n    echo \"error: The sandbox is not in sync with the Podfile.lock. Run 'pod install' or update your CocoaPods installation.\" >&2\n    exit 1\nfi\n# This output is used by Xcode 'outputs' to avoid re-running this script phase.\necho \"SUCCESS\" > \"${SCRIPT_OUTPUT_FILE_0}\"\n";
			showEnvVarsInLog = 0;
		};
		5976294022D0B8BD2946566F /* [CP] Check Pods Manifest.lock */ = {
			isa = PBXShellScriptBuildPhase;
			buildActionMask = 2147483647;
			files = (
			);
			inputFileListPaths = (
			);
			inputPaths = (
				"${PODS_PODFILE_DIR_PATH}/Podfile.lock",
				"${PODS_ROOT}/Manifest.lock",
			);
			name = "[CP] Check Pods Manifest.lock";
			outputFileListPaths = (
			);
			outputPaths = (
				"$(DERIVED_FILE_DIR)/Pods-UnHindr-checkManifestLockResult.txt",
			);
			runOnlyForDeploymentPostprocessing = 0;
			shellPath = /bin/sh;
			shellScript = "diff \"${PODS_PODFILE_DIR_PATH}/Podfile.lock\" \"${PODS_ROOT}/Manifest.lock\" > /dev/null\nif [ $? != 0 ] ; then\n    # print error to STDERR\n    echo \"error: The sandbox is not in sync with the Podfile.lock. Run 'pod install' or update your CocoaPods installation.\" >&2\n    exit 1\nfi\n# This output is used by Xcode 'outputs' to avoid re-running this script phase.\necho \"SUCCESS\" > \"${SCRIPT_OUTPUT_FILE_0}\"\n";
			showEnvVarsInLog = 0;
		};
		61EB77E40ECD793626253C3D /* [CP] Check Pods Manifest.lock */ = {
			isa = PBXShellScriptBuildPhase;
			buildActionMask = 2147483647;
			files = (
			);
			inputFileListPaths = (
			);
			inputPaths = (
				"${PODS_PODFILE_DIR_PATH}/Podfile.lock",
				"${PODS_ROOT}/Manifest.lock",
			);
			name = "[CP] Check Pods Manifest.lock";
			outputFileListPaths = (
			);
			outputPaths = (
				"$(DERIVED_FILE_DIR)/Pods-UnHindr-UnHindrUITests-checkManifestLockResult.txt",
			);
			runOnlyForDeploymentPostprocessing = 0;
			shellPath = /bin/sh;
			shellScript = "diff \"${PODS_PODFILE_DIR_PATH}/Podfile.lock\" \"${PODS_ROOT}/Manifest.lock\" > /dev/null\nif [ $? != 0 ] ; then\n    # print error to STDERR\n    echo \"error: The sandbox is not in sync with the Podfile.lock. Run 'pod install' or update your CocoaPods installation.\" >&2\n    exit 1\nfi\n# This output is used by Xcode 'outputs' to avoid re-running this script phase.\necho \"SUCCESS\" > \"${SCRIPT_OUTPUT_FILE_0}\"\n";
			showEnvVarsInLog = 0;
		};
		81A0A1073AECDD9583E11826 /* [CP] Embed Pods Frameworks */ = {
			isa = PBXShellScriptBuildPhase;
			buildActionMask = 2147483647;
			files = (
			);
			inputFileListPaths = (
				"${PODS_ROOT}/Target Support Files/Pods-UnHindr-UnHindrUITests/Pods-UnHindr-UnHindrUITests-frameworks-${CONFIGURATION}-input-files.xcfilelist",
			);
			name = "[CP] Embed Pods Frameworks";
			outputFileListPaths = (
				"${PODS_ROOT}/Target Support Files/Pods-UnHindr-UnHindrUITests/Pods-UnHindr-UnHindrUITests-frameworks-${CONFIGURATION}-output-files.xcfilelist",
			);
			runOnlyForDeploymentPostprocessing = 0;
			shellPath = /bin/sh;
			shellScript = "\"${PODS_ROOT}/Target Support Files/Pods-UnHindr-UnHindrUITests/Pods-UnHindr-UnHindrUITests-frameworks.sh\"\n";
			showEnvVarsInLog = 0;
		};
		BE24F3F8FD8A4261C836FBA1 /* [CP] Embed Pods Frameworks */ = {
			isa = PBXShellScriptBuildPhase;
			buildActionMask = 2147483647;
			files = (
			);
			inputFileListPaths = (
				"${PODS_ROOT}/Target Support Files/Pods-UnHindr/Pods-UnHindr-frameworks-${CONFIGURATION}-input-files.xcfilelist",
			);
			name = "[CP] Embed Pods Frameworks";
			outputFileListPaths = (
				"${PODS_ROOT}/Target Support Files/Pods-UnHindr/Pods-UnHindr-frameworks-${CONFIGURATION}-output-files.xcfilelist",
			);
			runOnlyForDeploymentPostprocessing = 0;
			shellPath = /bin/sh;
			shellScript = "\"${PODS_ROOT}/Target Support Files/Pods-UnHindr/Pods-UnHindr-frameworks.sh\"\n";
			showEnvVarsInLog = 0;
		};
/* End PBXShellScriptBuildPhase section */

/* Begin PBXSourcesBuildPhase section */
		9DF3F8912367D826003CF8B9 /* Sources */ = {
			isa = PBXSourcesBuildPhase;
			buildActionMask = 2147483647;
			files = (
				707E9F6E23827F77006A3AF5 /* MotorGameMonthlyViewController.swift in Sources */,
				707E9F6723827F6B006A3AF5 /* CogGameMonthlyViewController.swift in Sources */,
				9E286A302382957600473055 /* MotorGameScene.swift in Sources */,
				707E9F7523827F85006A3AF5 /* MoodGraphsViewController.swift in Sources */,
				70C1FCEF238884E700BF1CC6 /* YearMedChartViewController.swift in Sources */,
				9EE42465237FA48C0067B2E3 /* CaregiverHomeScreenViewController.swift in Sources */,
				9DF3F89B2367D826003CF8B9 /* LoginViewController.swift in Sources */,
				9D6C641C2378B50F00F0C058 /* Constants.swift in Sources */,
				817B5F6C2388A478009BF125 /* Message.swift in Sources */,
				98F115EB236D2B770082A1B1 /* MoodQ5ViewController.swift in Sources */,
				8176FAB7237B8A9C0083B445 /* Card.swift in Sources */,
				9E91389C2380D6C5006AD1F9 /* ConnectViewController.swift in Sources */,
				9EB08695239332C800C6DDC0 /* LocationViewController.swift in Sources */,
				707E9F7423827F85006A3AF5 /* MonthMoodGraphViewController.swift in Sources */,
				98F115E5236D23380082A1B1 /* MoodQ2ViewController.swift in Sources */,
				2D7A40E6238B316100958659 /* Medication.swift in Sources */,
				CDBC4016236E501B008934AF /* SettingsViewController.swift in Sources */,
				81BDBDA6237F8FDB00F4C970 /* SoundManager.swift in Sources */,
				215C15DC236F6E5F0063F3E4 /* WellnessTestHomeViewController.swift in Sources */,
				9E286A2F2382957600473055 /* MotorGameViewController.swift in Sources */,
				817B5F6F2388C117009BF125 /* MessageCell.swift in Sources */,
				8176FAB5237B896B0083B445 /* CardModel.swift in Sources */,
				9E04C08E238A1D5B0011A572 /* User.swift in Sources */,
				707E9F6823827F6B006A3AF5 /* CogGameGraphViewController.swift in Sources */,
				98F115DA236CCED00082A1B1 /* MoodViewController.swift in Sources */,
				8176FAB9237B94FC0083B445 /* CardCollectionViewCell.swift in Sources */,
				98F115E7236D23520082A1B1 /* MoodQ3ViewController.swift in Sources */,
				70C1FCEB23887E0600BF1CC6 /* MonthMedChartViewController.swift in Sources */,
				9DF3F8992367D826003CF8B9 /* AppDelegate.swift in Sources */,
				9E4EAB35237E5FDE00FC051B /* ModeChoiceViewController.swift in Sources */,
				2DD67104236BC4C5005948DF /* HomeScreenViewController.swift in Sources */,
				2128337A23938D4F00C661CA /* Patient.swift in Sources */,
				2D5BBA772389E7B20074A202 /* FullMedicationViewController.swift in Sources */,
				CDD946F4238B41C600A865D0 /* SignUpViewController.swift in Sources */,
				7013CBB92370D00E00A1231F /* ChartsViewController.swift in Sources */,
				70B46FB42389F2440088D1FD /* CaregiverPatientsViewController.swift in Sources */,
				707E9F7623827F85006A3AF5 /* YearMoodGraphViewController.swift in Sources */,
				2D5BBA792389F4530074A202 /* MedicationTableViewCell.swift in Sources */,
				2DE6A77D236E402B00B76282 /* Services.swift in Sources */,
				8176FAB3237B88D80083B445 /* CogGameViewController.swift in Sources */,
				CDECEE9D2389D2CE0074620D /* EmergencyContactViewController.swift in Sources */,
				707E9F6A23827F6B006A3AF5 /* cogYearlyGraphViewController.swift in Sources */,
				9DFB75BD236F7515006321B8 /* MedicationViewController.swift in Sources */,
				9D627A0E236FD4240027B6B7 /* MedicationHomeViewController.swift in Sources */,
				98F115E9236D29B50082A1B1 /* MoodQ4ViewController.swift in Sources */,
				9EBEEDDD2393602C0065DFEB /* CGLocationViewController.swift in Sources */,
				817B5F6923889CE9009BF125 /* ChatViewController.swift in Sources */,
				707E9F7023827F77006A3AF5 /* MotorGameGraphViewController.swift in Sources */,
				707E9F6F23827F77006A3AF5 /* MotorGameYearlyViewController.swift in Sources */,
				98F6791D236E849900517099 /* ProfileViewController.swift in Sources */,
			);
			runOnlyForDeploymentPostprocessing = 0;
		};
		9DF3F8A52367D82D003CF8B9 /* Sources */ = {
			isa = PBXSourcesBuildPhase;
			buildActionMask = 2147483647;
			files = (
				9DE33C6E236F98BD00855C78 /* DatabaseTests.swift in Sources */,
				9DF3F8AE2367D82D003CF8B9 /* UnHindrTests.swift in Sources */,
				81A7340C2381E0840069FE24 /* CogGameTest.swift in Sources */,
				2DA6698E2381EAA60050AE42 /* MedicationTests.swift in Sources */,
			);
			runOnlyForDeploymentPostprocessing = 0;
		};
		9DF3F8B02367D82D003CF8B9 /* Sources */ = {
			isa = PBXSourcesBuildPhase;
			buildActionMask = 2147483647;
			files = (
				9DFA139F2370F17D00F8B7B5 /* UnHindrUITests.swift in Sources */,
				CD4A840D23932C6E00189605 /* EmergContactUITests.swift in Sources */,
				9E286A352382968A00473055 /* MotGameUITests.swift in Sources */,
				81A7340E238200320069FE24 /* CogGameUITests.swift in Sources */,
				81A7A803239492E7000129FB /* ChatUITests.swift in Sources */,
			);
			runOnlyForDeploymentPostprocessing = 0;
		};
/* End PBXSourcesBuildPhase section */

/* Begin PBXTargetDependency section */
		9DF3F8AB2367D82D003CF8B9 /* PBXTargetDependency */ = {
			isa = PBXTargetDependency;
			target = 9DF3F8942367D826003CF8B9 /* UnHindr */;
			targetProxy = 9DF3F8AA2367D82D003CF8B9 /* PBXContainerItemProxy */;
		};
		9DF3F8B62367D82D003CF8B9 /* PBXTargetDependency */ = {
			isa = PBXTargetDependency;
			target = 9DF3F8942367D826003CF8B9 /* UnHindr */;
			targetProxy = 9DF3F8B52367D82D003CF8B9 /* PBXContainerItemProxy */;
		};
/* End PBXTargetDependency section */

/* Begin PBXVariantGroup section */
		2DD67107236BCD41005948DF /* Login.storyboard */ = {
			isa = PBXVariantGroup;
			children = (
				2DD67108236BCD41005948DF /* Base */,
			);
			name = Login.storyboard;
			sourceTree = "<group>";
		};
		2DD67109236BCD41005948DF /* HomeScreen.storyboard */ = {
			isa = PBXVariantGroup;
			children = (
				2DD6710A236BCD41005948DF /* Base */,
			);
			name = HomeScreen.storyboard;
			sourceTree = "<group>";
		};
		9DF3F8A12367D82D003CF8B9 /* LaunchScreen.storyboard */ = {
			isa = PBXVariantGroup;
			children = (
				9DF3F8A22367D82D003CF8B9 /* Base */,
			);
			name = LaunchScreen.storyboard;
			sourceTree = "<group>";
		};
		9DFB75B7236F74CF006321B8 /* Medication.storyboard */ = {
			isa = PBXVariantGroup;
			children = (
				9DFB75B8236F74CF006321B8 /* Base */,
			);
			name = Medication.storyboard;
			sourceTree = "<group>";
		};
/* End PBXVariantGroup section */

/* Begin XCBuildConfiguration section */
		9DF3F8BB2367D82D003CF8B9 /* Debug */ = {
			isa = XCBuildConfiguration;
			buildSettings = {
				ALWAYS_SEARCH_USER_PATHS = NO;
				CLANG_ANALYZER_NONNULL = YES;
				CLANG_ANALYZER_NUMBER_OBJECT_CONVERSION = YES_AGGRESSIVE;
				CLANG_CXX_LANGUAGE_STANDARD = "gnu++14";
				CLANG_CXX_LIBRARY = "libc++";
				CLANG_ENABLE_MODULES = YES;
				CLANG_ENABLE_OBJC_ARC = YES;
				CLANG_ENABLE_OBJC_WEAK = YES;
				CLANG_WARN_BLOCK_CAPTURE_AUTORELEASING = YES;
				CLANG_WARN_BOOL_CONVERSION = YES;
				CLANG_WARN_COMMA = YES;
				CLANG_WARN_CONSTANT_CONVERSION = YES;
				CLANG_WARN_DEPRECATED_OBJC_IMPLEMENTATIONS = YES;
				CLANG_WARN_DIRECT_OBJC_ISA_USAGE = YES_ERROR;
				CLANG_WARN_DOCUMENTATION_COMMENTS = YES;
				CLANG_WARN_EMPTY_BODY = YES;
				CLANG_WARN_ENUM_CONVERSION = YES;
				CLANG_WARN_INFINITE_RECURSION = YES;
				CLANG_WARN_INT_CONVERSION = YES;
				CLANG_WARN_NON_LITERAL_NULL_CONVERSION = YES;
				CLANG_WARN_OBJC_IMPLICIT_RETAIN_SELF = YES;
				CLANG_WARN_OBJC_LITERAL_CONVERSION = YES;
				CLANG_WARN_OBJC_ROOT_CLASS = YES_ERROR;
				CLANG_WARN_RANGE_LOOP_ANALYSIS = YES;
				CLANG_WARN_STRICT_PROTOTYPES = YES;
				CLANG_WARN_SUSPICIOUS_MOVE = YES;
				CLANG_WARN_UNGUARDED_AVAILABILITY = YES_AGGRESSIVE;
				CLANG_WARN_UNREACHABLE_CODE = YES;
				CLANG_WARN__DUPLICATE_METHOD_MATCH = YES;
				CODE_SIGN_IDENTITY = "iPhone Developer";
				COPY_PHASE_STRIP = NO;
				DEBUG_INFORMATION_FORMAT = dwarf;
				ENABLE_STRICT_OBJC_MSGSEND = YES;
				ENABLE_TESTABILITY = YES;
				GCC_C_LANGUAGE_STANDARD = gnu11;
				GCC_DYNAMIC_NO_PIC = NO;
				GCC_NO_COMMON_BLOCKS = YES;
				GCC_OPTIMIZATION_LEVEL = 0;
				GCC_PREPROCESSOR_DEFINITIONS = (
					"DEBUG=1",
					"$(inherited)",
				);
				GCC_WARN_64_TO_32_BIT_CONVERSION = YES;
				GCC_WARN_ABOUT_RETURN_TYPE = YES_ERROR;
				GCC_WARN_UNDECLARED_SELECTOR = YES;
				GCC_WARN_UNINITIALIZED_AUTOS = YES_AGGRESSIVE;
				GCC_WARN_UNUSED_FUNCTION = YES;
				GCC_WARN_UNUSED_VARIABLE = YES;
				IPHONEOS_DEPLOYMENT_TARGET = 12.1;
				MTL_ENABLE_DEBUG_INFO = INCLUDE_SOURCE;
				MTL_FAST_MATH = YES;
				ONLY_ACTIVE_ARCH = YES;
				SDKROOT = iphoneos;
				SWIFT_ACTIVE_COMPILATION_CONDITIONS = DEBUG;
				SWIFT_OPTIMIZATION_LEVEL = "-Onone";
			};
			name = Debug;
		};
		9DF3F8BC2367D82D003CF8B9 /* Release */ = {
			isa = XCBuildConfiguration;
			buildSettings = {
				ALWAYS_SEARCH_USER_PATHS = NO;
				CLANG_ANALYZER_NONNULL = YES;
				CLANG_ANALYZER_NUMBER_OBJECT_CONVERSION = YES_AGGRESSIVE;
				CLANG_CXX_LANGUAGE_STANDARD = "gnu++14";
				CLANG_CXX_LIBRARY = "libc++";
				CLANG_ENABLE_MODULES = YES;
				CLANG_ENABLE_OBJC_ARC = YES;
				CLANG_ENABLE_OBJC_WEAK = YES;
				CLANG_WARN_BLOCK_CAPTURE_AUTORELEASING = YES;
				CLANG_WARN_BOOL_CONVERSION = YES;
				CLANG_WARN_COMMA = YES;
				CLANG_WARN_CONSTANT_CONVERSION = YES;
				CLANG_WARN_DEPRECATED_OBJC_IMPLEMENTATIONS = YES;
				CLANG_WARN_DIRECT_OBJC_ISA_USAGE = YES_ERROR;
				CLANG_WARN_DOCUMENTATION_COMMENTS = YES;
				CLANG_WARN_EMPTY_BODY = YES;
				CLANG_WARN_ENUM_CONVERSION = YES;
				CLANG_WARN_INFINITE_RECURSION = YES;
				CLANG_WARN_INT_CONVERSION = YES;
				CLANG_WARN_NON_LITERAL_NULL_CONVERSION = YES;
				CLANG_WARN_OBJC_IMPLICIT_RETAIN_SELF = YES;
				CLANG_WARN_OBJC_LITERAL_CONVERSION = YES;
				CLANG_WARN_OBJC_ROOT_CLASS = YES_ERROR;
				CLANG_WARN_RANGE_LOOP_ANALYSIS = YES;
				CLANG_WARN_STRICT_PROTOTYPES = YES;
				CLANG_WARN_SUSPICIOUS_MOVE = YES;
				CLANG_WARN_UNGUARDED_AVAILABILITY = YES_AGGRESSIVE;
				CLANG_WARN_UNREACHABLE_CODE = YES;
				CLANG_WARN__DUPLICATE_METHOD_MATCH = YES;
				CODE_SIGN_IDENTITY = "iPhone Developer";
				COPY_PHASE_STRIP = NO;
				DEBUG_INFORMATION_FORMAT = "dwarf-with-dsym";
				ENABLE_NS_ASSERTIONS = NO;
				ENABLE_STRICT_OBJC_MSGSEND = YES;
				GCC_C_LANGUAGE_STANDARD = gnu11;
				GCC_NO_COMMON_BLOCKS = YES;
				GCC_WARN_64_TO_32_BIT_CONVERSION = YES;
				GCC_WARN_ABOUT_RETURN_TYPE = YES_ERROR;
				GCC_WARN_UNDECLARED_SELECTOR = YES;
				GCC_WARN_UNINITIALIZED_AUTOS = YES_AGGRESSIVE;
				GCC_WARN_UNUSED_FUNCTION = YES;
				GCC_WARN_UNUSED_VARIABLE = YES;
				IPHONEOS_DEPLOYMENT_TARGET = 12.1;
				MTL_ENABLE_DEBUG_INFO = NO;
				MTL_FAST_MATH = YES;
				SDKROOT = iphoneos;
				SWIFT_COMPILATION_MODE = wholemodule;
				SWIFT_OPTIMIZATION_LEVEL = "-O";
				VALIDATE_PRODUCT = YES;
			};
			name = Release;
		};
		9DF3F8BE2367D82D003CF8B9 /* Debug */ = {
			isa = XCBuildConfiguration;
			baseConfigurationReference = 9500CD9CD9F0148DE44F8BF8 /* Pods-UnHindr.debug.xcconfig */;
			buildSettings = {
				ASSETCATALOG_COMPILER_APPICON_NAME = AppIcon;
				CODE_SIGN_IDENTITY = "iPhone Developer";
				CODE_SIGN_STYLE = Manual;
				DEVELOPMENT_TEAM = "";
				INFOPLIST_FILE = UnHindr/Info.plist;
				IPHONEOS_DEPLOYMENT_TARGET = 12.1;
				LD_RUNPATH_SEARCH_PATHS = (
					"$(inherited)",
					"@executable_path/Frameworks",
				);
				PRODUCT_BUNDLE_IDENTIFIER = com.Sigma.UnHindr5;
				PRODUCT_NAME = "$(TARGET_NAME)";
				PROVISIONING_PROFILE_SPECIFIER = "";
				SWIFT_VERSION = 4.2;
				TARGETED_DEVICE_FAMILY = 1;
			};
			name = Debug;
		};
		9DF3F8BF2367D82D003CF8B9 /* Release */ = {
			isa = XCBuildConfiguration;
			baseConfigurationReference = DFCCB05E78CA6EE40144300E /* Pods-UnHindr.release.xcconfig */;
			buildSettings = {
				ASSETCATALOG_COMPILER_APPICON_NAME = AppIcon;
				CODE_SIGN_IDENTITY = "iPhone Developer";
				CODE_SIGN_STYLE = Manual;
				DEVELOPMENT_TEAM = "";
				INFOPLIST_FILE = UnHindr/Info.plist;
				IPHONEOS_DEPLOYMENT_TARGET = 12.1;
				LD_RUNPATH_SEARCH_PATHS = (
					"$(inherited)",
					"@executable_path/Frameworks",
				);
				PRODUCT_BUNDLE_IDENTIFIER = com.Sigma.UnHindr5;
				PRODUCT_NAME = "$(TARGET_NAME)";
				PROVISIONING_PROFILE_SPECIFIER = "";
				SWIFT_VERSION = 4.2;
				TARGETED_DEVICE_FAMILY = 1;
			};
			name = Release;
		};
		9DF3F8C12367D82D003CF8B9 /* Debug */ = {
			isa = XCBuildConfiguration;
			baseConfigurationReference = D63F99425B3E2EFCA5604695 /* Pods-UnHindrTests.debug.xcconfig */;
			buildSettings = {
				ALWAYS_EMBED_SWIFT_STANDARD_LIBRARIES = YES;
				BUNDLE_LOADER = "$(TEST_HOST)";
				CODE_SIGN_STYLE = Automatic;
				INFOPLIST_FILE = UnHindrTests/Info.plist;
				LD_RUNPATH_SEARCH_PATHS = (
					"$(inherited)",
					"@executable_path/Frameworks",
					"@loader_path/Frameworks",
				);
				PRODUCT_BUNDLE_IDENTIFIER = com.Sigma.UnHindrTests;
				PRODUCT_NAME = "$(TARGET_NAME)";
				SWIFT_VERSION = 4.2;
				TARGETED_DEVICE_FAMILY = "1,2";
				TEST_HOST = "$(BUILT_PRODUCTS_DIR)/UnHindr.app/UnHindr";
			};
			name = Debug;
		};
		9DF3F8C22367D82D003CF8B9 /* Release */ = {
			isa = XCBuildConfiguration;
			baseConfigurationReference = DED04B884E18297F4A8774D1 /* Pods-UnHindrTests.release.xcconfig */;
			buildSettings = {
				ALWAYS_EMBED_SWIFT_STANDARD_LIBRARIES = YES;
				BUNDLE_LOADER = "$(TEST_HOST)";
				CODE_SIGN_STYLE = Automatic;
				INFOPLIST_FILE = UnHindrTests/Info.plist;
				LD_RUNPATH_SEARCH_PATHS = (
					"$(inherited)",
					"@executable_path/Frameworks",
					"@loader_path/Frameworks",
				);
				PRODUCT_BUNDLE_IDENTIFIER = com.Sigma.UnHindrTests;
				PRODUCT_NAME = "$(TARGET_NAME)";
				SWIFT_VERSION = 4.2;
				TARGETED_DEVICE_FAMILY = "1,2";
				TEST_HOST = "$(BUILT_PRODUCTS_DIR)/UnHindr.app/UnHindr";
			};
			name = Release;
		};
		9DF3F8C42367D82D003CF8B9 /* Debug */ = {
			isa = XCBuildConfiguration;
			baseConfigurationReference = 1470CE3451D5AB4F262D5392 /* Pods-UnHindr-UnHindrUITests.debug.xcconfig */;
			buildSettings = {
				ALWAYS_EMBED_SWIFT_STANDARD_LIBRARIES = YES;
				CODE_SIGN_STYLE = Automatic;
				INFOPLIST_FILE = UnHindrUITests/Info.plist;
				LD_RUNPATH_SEARCH_PATHS = (
					"$(inherited)",
					"@executable_path/Frameworks",
					"@loader_path/Frameworks",
				);
				PRODUCT_BUNDLE_IDENTIFIER = com.Sigma.UnHindrUITests;
				PRODUCT_NAME = "$(TARGET_NAME)";
				SWIFT_VERSION = 4.2;
				TARGETED_DEVICE_FAMILY = "1,2";
				TEST_TARGET_NAME = UnHindr;
			};
			name = Debug;
		};
		9DF3F8C52367D82D003CF8B9 /* Release */ = {
			isa = XCBuildConfiguration;
			baseConfigurationReference = 9CC98A083DBCA38C513B60AD /* Pods-UnHindr-UnHindrUITests.release.xcconfig */;
			buildSettings = {
				ALWAYS_EMBED_SWIFT_STANDARD_LIBRARIES = YES;
				CODE_SIGN_STYLE = Automatic;
				INFOPLIST_FILE = UnHindrUITests/Info.plist;
				LD_RUNPATH_SEARCH_PATHS = (
					"$(inherited)",
					"@executable_path/Frameworks",
					"@loader_path/Frameworks",
				);
				PRODUCT_BUNDLE_IDENTIFIER = com.Sigma.UnHindrUITests;
				PRODUCT_NAME = "$(TARGET_NAME)";
				SWIFT_VERSION = 4.2;
				TARGETED_DEVICE_FAMILY = "1,2";
				TEST_TARGET_NAME = UnHindr;
			};
			name = Release;
		};
/* End XCBuildConfiguration section */

/* Begin XCConfigurationList section */
		9DF3F8902367D826003CF8B9 /* Build configuration list for PBXProject "UnHindr" */ = {
			isa = XCConfigurationList;
			buildConfigurations = (
				9DF3F8BB2367D82D003CF8B9 /* Debug */,
				9DF3F8BC2367D82D003CF8B9 /* Release */,
			);
			defaultConfigurationIsVisible = 0;
			defaultConfigurationName = Release;
		};
		9DF3F8BD2367D82D003CF8B9 /* Build configuration list for PBXNativeTarget "UnHindr" */ = {
			isa = XCConfigurationList;
			buildConfigurations = (
				9DF3F8BE2367D82D003CF8B9 /* Debug */,
				9DF3F8BF2367D82D003CF8B9 /* Release */,
			);
			defaultConfigurationIsVisible = 0;
			defaultConfigurationName = Release;
		};
		9DF3F8C02367D82D003CF8B9 /* Build configuration list for PBXNativeTarget "UnHindrTests" */ = {
			isa = XCConfigurationList;
			buildConfigurations = (
				9DF3F8C12367D82D003CF8B9 /* Debug */,
				9DF3F8C22367D82D003CF8B9 /* Release */,
			);
			defaultConfigurationIsVisible = 0;
			defaultConfigurationName = Release;
		};
		9DF3F8C32367D82D003CF8B9 /* Build configuration list for PBXNativeTarget "UnHindrUITests" */ = {
			isa = XCConfigurationList;
			buildConfigurations = (
				9DF3F8C42367D82D003CF8B9 /* Debug */,
				9DF3F8C52367D82D003CF8B9 /* Release */,
			);
			defaultConfigurationIsVisible = 0;
			defaultConfigurationName = Release;
		};
/* End XCConfigurationList section */
	};
	rootObject = 9DF3F88D2367D826003CF8B9 /* Project object */;
}
